<?xml version="1.0" encoding="utf-8"?>
<Project ToolsVersion="4.0" xmlns="http://schemas.microsoft.com/developer/msbuild/2003">
  <ItemGroup>
    <ClCompile Include="..\..\..\..\..\Common\Src\DynamicLibraryModule\OpenCLModule.cpp">
      <Filter>DynamicLibraryModule</Filter>
    </ClCompile>
    <ClCompile Include="CLCUInfoBase.cpp">
      <Filter>Source Files</Filter>
    </ClCompile>
    <ClCompile Include="CLFunctionDefs.cpp">
      <Filter>Source Files</Filter>
    </ClCompile>
    <ClCompile Include="CLFunctionEnumDefs.cpp">
      <Filter>Source Files</Filter>
    </ClCompile>
    <ClCompile Include="CLInternalFunctionDefs.cpp">
      <Filter>Source Files</Filter>
    </ClCompile>
    <ClCompile Include="CLPlatformInfo.cpp">
      <Filter>Source Files</Filter>
    </ClCompile>
    <ClCompile Include="CLUtils.cpp">
      <Filter>Source Files</Filter>
    </ClCompile>
  </ItemGroup>
  <ItemGroup>
    <ClInclude Include="..\..\..\..\..\Common\Src\DynamicLibraryModule\OpenCLModule.h">
      <Filter>DynamicLibraryModule</Filter>
    </ClInclude>
    <ClInclude Include="CLCUInfoBase.h">
      <Filter>Header Files</Filter>
    </ClInclude>
    <ClInclude Include="CLFunctionDefs.h">
      <Filter>Header Files</Filter>
    </ClInclude>
    <ClInclude Include="CLFunctionEnumDefs.h">
      <Filter>Header Files</Filter>
    </ClInclude>
    <ClInclude Include="CLInternalFunctionDefs.h">
      <Filter>Header Files</Filter>
    </ClInclude>
    <ClInclude Include="CLPlatformInfo.h">
      <Filter>Header Files</Filter>
    </ClInclude>
    <ClInclude Include="CLUtils.h">
      <Filter>Header Files</Filter>
    </ClInclude>
  </ItemGroup>
  <ItemGroup>
    <Filter Include="DynamicLibraryModule">
      <UniqueIdentifier>{74fa6d82-487a-4b16-91fc-f7d51a62f369}</UniqueIdentifier>
    </Filter>
    <Filter Include="Header Files">
      <UniqueIdentifier>{5efbc9b4-4f2d-4e8f-b236-3f23ee362b4d}</UniqueIdentifier>
    </Filter>
    <Filter Include="Source Files">
      <UniqueIdentifier>{3549275f-e7e4-4fde-a3ea-6ce05cbcad64}</UniqueIdentifier>
    </Filter>
  </ItemGroup>
</Project>