<?xml version="1.0" encoding="utf-8"?>
<Project ToolsVersion="4.0" xmlns="http://schemas.microsoft.com/developer/msbuild/2003">
  <ItemGroup>
    <Filter Include="Source Files">
      <UniqueIdentifier>{4FC737F1-C7A5-4376-A066-2A32D752A2FF}</UniqueIdentifier>
      <Extensions>cpp;c;cc;cxx;def;odl;idl;hpj;bat;asm;asmx</Extensions>
    </Filter>
    <Filter Include="Header Files">
      <UniqueIdentifier>{93995380-89BD-4b04-88EB-625FBE52EBFB}</UniqueIdentifier>
      <Extensions>h;hpp;hxx;hm;inl;inc;xsd</Extensions>
    </Filter>
    <Filter Include="Resource Files">
      <UniqueIdentifier>{67DA6AB6-F800-4c08-8B7A-83BB121AAD01}</UniqueIdentifier>
      <Extensions>rc;ico;cur;bmp;dlg;rc2;rct;bin;rgs;gif;jpg;jpeg;jpe;resx;tiff;tif;png;wav;mfcribbon-ms</Extensions>
    </Filter>
    <Filter Include="Source Files\Translation">
      <UniqueIdentifier>{e7a00962-6eb2-4edc-9a6c-0ff15bcef16e}</UniqueIdentifier>
    </Filter>
    <Filter Include="Source Files\RawData">
      <UniqueIdentifier>{089e1c0e-2794-4945-a10b-8ece471a3a42}</UniqueIdentifier>
    </Filter>
    <Filter Include="Source Files\RawData\Windows">
      <UniqueIdentifier>{ea6b623b-a39c-422a-8716-552e302ffcda}</UniqueIdentifier>
    </Filter>
    <Filter Include="Source Files\RawData\Linux">
      <UniqueIdentifier>{e8bf86fe-ee7a-43d5-b50e-8ed82a73ba0b}</UniqueIdentifier>
    </Filter>
    <Filter Include="Header Files\Windows">
      <UniqueIdentifier>{697034bd-87d4-4b39-ac08-7e8e92a7d710}</UniqueIdentifier>
    </Filter>
    <Filter Include="Header Files\Linux">
      <UniqueIdentifier>{0167fdec-ccf3-4814-8c31-63c97d184e3e}</UniqueIdentifier>
    </Filter>
    <Filter Include="Source Files\RunInfo">
      <UniqueIdentifier>{02442da6-1291-4f37-b4b5-7f5ee0f13f13}</UniqueIdentifier>
    </Filter>
    <Filter Include="Header Files\Utils">
      <UniqueIdentifier>{0ee92d14-e1ab-4cd1-b172-e8e1998b11ff}</UniqueIdentifier>
    </Filter>
  </ItemGroup>
  <ItemGroup>
    <ClCompile Include="src\DllMain.cpp">
      <Filter>Source Files</Filter>
    </ClCompile>
    <ClCompile Include="src\Translation\CpuProfileFunction.cpp">
      <Filter>Source Files\Translation</Filter>
    </ClCompile>
    <ClCompile Include="src\Translation\CpuProfileModule.cpp">
      <Filter>Source Files\Translation</Filter>
    </ClCompile>
    <ClCompile Include="src\Translation\CpuProfileSample.cpp">
      <Filter>Source Files\Translation</Filter>
    </ClCompile>
    <ClCompile Include="src\Translation\CpuProfileProcess.cpp">
      <Filter>Source Files\Translation</Filter>
    </ClCompile>
    <ClCompile Include="src\Translation\CpuProfileOutputStream.cpp">
      <Filter>Source Files\Translation</Filter>
    </ClCompile>
    <ClCompile Include="src\Translation\CpuProfileInputStream.cpp">
      <Filter>Source Files\Translation</Filter>
    </ClCompile>
    <ClCompile Include="src\Translation\CpuProfileReader.cpp">
      <Filter>Source Files\Translation</Filter>
    </ClCompile>
    <ClCompile Include="src\Translation\CpuProfileWriter.cpp">
      <Filter>Source Files\Translation</Filter>
    </ClCompile>
    <ClCompile Include="src\Translation\ImdReader.cpp">
      <Filter>Source Files\Translation</Filter>
    </ClCompile>
    <ClCompile Include="src\Translation\ImdWriter.cpp">
      <Filter>Source Files\Translation</Filter>
    </ClCompile>
    <ClCompile Include="src\RawData\Windows\PrdReader.cpp">
      <Filter>Source Files\RawData\Windows</Filter>
    </ClCompile>
    <ClCompile Include="src\RawData\Linux\PerfDataReader.cpp">
      <Filter>Source Files\RawData\Linux</Filter>
    </ClCompile>
    <ClCompile Include="src\RawData\Linux\PerfRecName.c">
      <Filter>Source Files\RawData\Linux</Filter>
    </ClCompile>
    <ClCompile Include="src\RunInfo\RunInfo.cpp">
      <Filter>Source Files\RunInfo</Filter>
    </ClCompile>
    <ClCompile Include="src\RunInfo\RunInfoReader.cpp">
      <Filter>Source Files\RunInfo</Filter>
    </ClCompile>
    <ClCompile Include="src\RunInfo\RunInfoWriter.cpp">
      <Filter>Source Files\RunInfo</Filter>
    </ClCompile>
    <ClCompile Include="src\RawData\Linux\CaPerfDataWriter.cpp">
      <Filter>Source Files\RawData\Linux</Filter>
    </ClCompile>
    <ClCompile Include="src\RawData\Linux\CaPerfDataReader.cpp">
      <Filter>Source Files\RawData\Linux</Filter>
    </ClCompile>
    <ClCompile Include="src\Translation\ProfilerDataDBWriter.cpp">
      <Filter>Source Files\Translation</Filter>
    </ClCompile>
  </ItemGroup>
  <ItemGroup>
    <ResourceCompile Include="..\..\..\..\..\Common\Src\VersionInfo\VersionResource.rc">
      <Filter>Resource Files</Filter>
    </ResourceCompile>
  </ItemGroup>
  <ItemGroup>
    <ClInclude Include="inc\CpuProfileModule.h">
      <Filter>Header Files</Filter>
    </ClInclude>
    <ClInclude Include="inc\CpuProfileFunction.h">
      <Filter>Header Files</Filter>
    </ClInclude>
    <ClInclude Include="inc\CpuProfileSample.h">
      <Filter>Header Files</Filter>
    </ClInclude>
    <ClInclude Include="inc\InlineInstance.h">
      <Filter>Header Files</Filter>
    </ClInclude>
    <ClInclude Include="inc\CpuProfileProcess.h">
      <Filter>Header Files</Filter>
    </ClInclude>
    <ClInclude Include="inc\CpuProfileOutputStream.h">
      <Filter>Header Files</Filter>
    </ClInclude>
    <ClInclude Include="inc\CpuProfileInputStream.h">
      <Filter>Header Files</Filter>
    </ClInclude>
    <ClInclude Include="inc\CpuProfileInfo.h">
      <Filter>Header Files</Filter>
    </ClInclude>
    <ClInclude Include="inc\CpuProfileReader.h">
      <Filter>Header Files</Filter>
    </ClInclude>
    <ClInclude Include="inc\CpuProfileWriter.h">
      <Filter>Header Files</Filter>
    </ClInclude>
    <ClInclude Include="src\Translation\ImdReader.h">
      <Filter>Source Files\Translation</Filter>
    </ClInclude>
    <ClInclude Include="src\Translation\ImdWriter.h">
      <Filter>Source Files\Translation</Filter>
    </ClInclude>
    <ClInclude Include="..\Driver\Windows\CpuProf\inc\UserAccess\PrdRecords.h">
      <Filter>Source Files\RawData\Windows</Filter>
    </ClInclude>
    <ClInclude Include="inc\Linux\PerfDataReader.h">
      <Filter>Header Files\Linux</Filter>
    </ClInclude>
    <ClInclude Include="inc\Windows\PrdReader.h">
      <Filter>Header Files\Windows</Filter>
    </ClInclude>
    <ClInclude Include="inc\Windows\PrdOldRecords.h">
      <Filter>Header Files\Windows</Filter>
    </ClInclude>
    <ClInclude Include="inc\RunInfo.h">
      <Filter>Header Files</Filter>
    </ClInclude>
    <ClInclude Include="src\RunInfo\RunInfoReader.h">
      <Filter>Source Files\RunInfo</Filter>
    </ClInclude>
    <ClInclude Include="src\RunInfo\RunInfoWriter.h">
      <Filter>Source Files\RunInfo</Filter>
    </ClInclude>
    <ClInclude Include="inc\Linux\PerfData.h">
      <Filter>Header Files\Linux</Filter>
    </ClInclude>
    <ClInclude Include="inc\Linux\CaPerfDataReader.h">
      <Filter>Header Files\Linux</Filter>
    </ClInclude>
    <ClInclude Include="inc\Linux\CaPerfDataWriter.h">
      <Filter>Header Files\Linux</Filter>
    </ClInclude>
    <ClInclude Include="inc\Linux\CaPerfHeader.h">
      <Filter>Header Files\Linux</Filter>
    </ClInclude>
    <ClInclude Include="inc\CpuProfileDataTranslationInfo.h">
      <Filter>Header Files</Filter>
    </ClInclude>
    <ClInclude Include="inc\CpuProfilingRawDataDLLBuild.h">
      <Filter>Header Files</Filter>
    </ClInclude>
    <ClInclude Include="..\AMDTCpuProfilingBackendUtils\Include\CpuProfileDefinitions.h">
      <Filter>Header Files\Utils</Filter>
    </ClInclude>
    <ClInclude Include="inc\ProfilerDataDBWriter.h">
      <Filter>Header Files</Filter>
    </ClInclude>
  </ItemGroup>
</Project>