<?xml version="1.0" encoding="utf-8"?>
<Project ToolsVersion="4.0" xmlns="http://schemas.microsoft.com/developer/msbuild/2003">
  <ItemGroup>
    <Filter Include="inc">
      <UniqueIdentifier>{7c3d3985-2526-42fb-8345-19dbd76f0fa0}</UniqueIdentifier>
    </Filter>
    <Filter Include="src">
      <UniqueIdentifier>{e0ea0382-eb1c-405c-a14d-104da4925900}</UniqueIdentifier>
    </Filter>
    <Filter Include="Generated Files">
      <UniqueIdentifier>{b885d916-a189-4814-9b81-be971633820a}</UniqueIdentifier>
    </Filter>
  </ItemGroup>
  <ItemGroup>
    <ClCompile Include="src\appApplication.cpp">
      <Filter>src</Filter>
    </ClCompile>
    <ClCompile Include="src\appApplicationCommands.cpp">
      <Filter>src</Filter>
    </ClCompile>
    <ClCompile Include="src\appEventObserver.cpp">
      <Filter>src</Filter>
    </ClCompile>
    <ClCompile Include="src\appMainAppWindow.cpp">
      <Filter>src</Filter>
    </ClCompile>
    <ClCompile Include="src\appMDIArea.cpp">
      <Filter>src</Filter>
    </ClCompile>
    <ClCompile Include="src\appQtApplication.cpp">
      <Filter>src</Filter>
    </ClCompile>
    <ClCompile Include="tmp\moc_$(Platform)$(Configuration)\moc_appMainAppWindow.cpp">
      <Filter>Generated Files</Filter>
    </ClCompile>
    <ClCompile Include="tmp\moc_$(Platform)$(Configuration)\moc_appQtApplication.cpp">
      <Filter>Generated Files</Filter>
    </ClCompile>
    <ClCompile Include="tmp\moc_$(Platform)$(Configuration)\moc_appMDIArea.cpp">
      <Filter>Generated Files</Filter>
    </ClCompile>
  </ItemGroup>
  <ItemGroup>
    <ClInclude Include="src\appApplicationCommands.h">
      <Filter>inc</Filter>
    </ClInclude>
    <ClInclude Include="inc\appApplication.h">
      <Filter>inc</Filter>
    </ClInclude>
    <ClInclude Include="inc\appApplicationDLLBuild.h">
      <Filter>inc</Filter>
    </ClInclude>
    <ClInclude Include="inc\appEventObserver.h">
      <Filter>inc</Filter>
    </ClInclude>
    <ClInclude Include="inc\appStringConstants.h">
      <Filter>inc</Filter>
    </ClInclude>
  </ItemGroup>
  <ItemGroup>
    <CustomBuild Include="inc\appMainAppWindow.h" />
    <CustomBuild Include="src\appQtApplication.h" />
    <CustomBuild Include="inc\appMDIArea.h" />
  </ItemGroup>
</Project>