<?xml version="1.0" encoding="utf-8"?>
<Project ToolsVersion="4.0" xmlns="http://schemas.microsoft.com/developer/msbuild/2003">
  <ItemGroup>
    <ClCompile Include="CLIntercept.cpp">
      <Filter>Source Files</Filter>
    </ClCompile>
    <ClCompile Include="CLOccupancyAgent.cpp">
      <Filter>Source Files</Filter>
    </ClCompile>
    <ClCompile Include="CLOccupancyFile.cpp">
      <Filter>Source Files</Filter>
    </ClCompile>
    <ClCompile Include="CLOccupancyInfoManager.cpp">
      <Filter>Source Files</Filter>
    </ClCompile>
  </ItemGroup>
  <ItemGroup>
    <ClInclude Include="CLIntercept.h">
      <Filter>Header Files</Filter>
    </ClInclude>
    <ClInclude Include="CLOccupancyAgent.h">
      <Filter>Header Files</Filter>
    </ClInclude>
    <ClInclude Include="CLOccupancyFile.h">
      <Filter>Header Files</Filter>
    </ClInclude>
    <ClInclude Include="CLOccupancyInfoManager.h">
      <Filter>Header Files</Filter>
    </ClInclude>
  </ItemGroup>
  <ItemGroup>
    <Filter Include="Resource Files">
      <UniqueIdentifier>{6293db3b-1377-49a5-a93f-3f47fe499dff}</UniqueIdentifier>
    </Filter>
    <Filter Include="Header Files">
      <UniqueIdentifier>{c00891c0-94a1-4477-ac80-8080c1c2b384}</UniqueIdentifier>
    </Filter>
    <Filter Include="Source Files">
      <UniqueIdentifier>{67fcb583-98bc-4614-8319-6e7a09e6e927}</UniqueIdentifier>
    </Filter>
  </ItemGroup>
  <ItemGroup>
    <ResourceCompile Include="..\..\..\..\..\Common\Src\VersionInfo\VersionResource.rc">
      <Filter>Resource Files</Filter>
    </ResourceCompile>
  </ItemGroup>
</Project>