<?xml version="1.0" encoding="utf-8"?>
<Project ToolsVersion="4.0" xmlns="http://schemas.microsoft.com/developer/msbuild/2003">
  <ItemGroup>
    <ClCompile Include="..\..\CodeXL\Components\GpuProfiling\Backend\Common\FileUtils.cpp">
      <Filter>Shared</Filter>
    </ClCompile>
    <ClCompile Include="..\..\CodeXL\Components\GpuProfiling\Backend\Common\LocaleSetting.cpp">
      <Filter>Shared</Filter>
    </ClCompile>
    <ClCompile Include="..\..\CodeXL\Components\GpuProfiling\Backend\Common\Logger.cpp">
      <Filter>Shared</Filter>
    </ClCompile>
    <ClCompile Include="..\..\CodeXL\Components\GpuProfiling\Backend\Common\OSUtils.cpp">
      <Filter>Shared</Filter>
    </ClCompile>
    <ClCompile Include="..\..\CodeXL\Components\GpuProfiling\Backend\Common\StringUtils.cpp">
      <Filter>Shared</Filter>
    </ClCompile>
    <ClCompile Include="dllmain.cpp">
      <Filter>Source Files</Filter>
    </ClCompile>
    <ClCompile Include="AMDTActivityLogger.cpp">
      <Filter>Source Files</Filter>
    </ClCompile>
    <ClCompile Include="..\..\Common\Src\AMDTMutex\AMDTMutex.cpp">
      <Filter>Shared</Filter>
    </ClCompile>
    <ClCompile Include="AMDTActivityLoggerProfileControl.cpp">
      <Filter>Source Files</Filter>
    </ClCompile>
    <ClCompile Include="AMDTCpuProfileControl_Win.cpp">
      <Filter>Source Files</Filter>
    </ClCompile>
    <ClCompile Include="AMDTPowerProfileActivityLogger_Win.cpp">
      <Filter>Source Files</Filter>
    </ClCompile>
  </ItemGroup>
  <ItemGroup>
    <Filter Include="Shared">
      <UniqueIdentifier>{5b58505d-d8fa-4330-84fc-5c12e45477ff}</UniqueIdentifier>
    </Filter>
    <Filter Include="Header Files">
      <UniqueIdentifier>{9f549909-7ee9-443c-a7b7-1faf4460df95}</UniqueIdentifier>
    </Filter>
    <Filter Include="Resource Files">
      <UniqueIdentifier>{6dc965d5-3017-465a-b6df-1b9b6f40c2d5}</UniqueIdentifier>
    </Filter>
    <Filter Include="Source Files">
      <UniqueIdentifier>{c56e9fdb-01fa-4738-9958-5aa58a6e76d1}</UniqueIdentifier>
    </Filter>
  </ItemGroup>
  <ItemGroup>
    <ClInclude Include="..\..\CodeXL\Components\GpuProfiling\Backend\Common\OSUtils.h">
      <Filter>Shared</Filter>
    </ClInclude>
    <ClInclude Include="..\..\CodeXL\Components\GpuProfiling\Backend\Common\FileUtils.h">
      <Filter>Shared</Filter>
    </ClInclude>
    <ClInclude Include="..\..\CodeXL\Components\GpuProfiling\Backend\Common\LocaleSetting.h">
      <Filter>Shared</Filter>
    </ClInclude>
    <ClInclude Include="..\..\CodeXL\Components\GpuProfiling\Backend\Common\Logger.h">
      <Filter>Shared</Filter>
    </ClInclude>
    <ClInclude Include="..\..\CodeXL\Components\GpuProfiling\Backend\Common\StringUtils.h">
      <Filter>Shared</Filter>
    </ClInclude>
    <ClInclude Include="AMDTActivityLogger.h">
      <Filter>Header Files</Filter>
    </ClInclude>
    <ClInclude Include="resource.h">
      <Filter>Header Files</Filter>
    </ClInclude>
    <ClInclude Include="..\..\Common\Src\AMDTMutex\AMDTMutex.h">
      <Filter>Shared</Filter>
    </ClInclude>
    <ClInclude Include="AMDTActivityLoggerProfileControl.h">
      <Filter>Header Files</Filter>
    </ClInclude>
    <ClInclude Include="AMDTCpuProfileControl.h">
      <Filter>Header Files</Filter>
    </ClInclude>
  </ItemGroup>
  <ItemGroup>
    <None Include="AMDTActivityLogger.def">
      <Filter>Source Files</Filter>
    </None>
  </ItemGroup>
  <ItemGroup>
    <ResourceCompile Include="..\VersionInfo\VersionResource.rc">
      <Filter>Resource Files</Filter>
    </ResourceCompile>
  </ItemGroup>
</Project>