<?xml version="1.0" encoding="utf-8"?>
<Project ToolsVersion="4.0" xmlns="http://schemas.microsoft.com/developer/msbuild/2003">
  <ItemGroup>
    <Filter Include="Header Files">
      <UniqueIdentifier>{93995380-89BD-4b04-88EB-625FBE52EBFB}</UniqueIdentifier>
      <Extensions>h;hpp;hxx;hm;inl;inc;xsd</Extensions>
    </Filter>
    <Filter Include="Resource Files">
      <UniqueIdentifier>{67DA6AB6-F800-4c08-8B7A-83BB121AAD01}</UniqueIdentifier>
      <Extensions>rc;ico;cur;bmp;dlg;rc2;rct;bin;rgs;gif;jpg;jpeg;jpe;resx;tiff;tif;png;wav</Extensions>
    </Filter>
    <Filter Include="Source Files">
      <UniqueIdentifier>{4FC737F1-C7A5-4376-A066-2A32D752A2FF}</UniqueIdentifier>
      <Extensions>cpp;c;cc;cxx;def;odl;idl;hpj;bat;asm;asmx;pkgdef;pkgundef;vsixmanifest</Extensions>
    </Filter>
    <Filter Include="Generated files">
      <UniqueIdentifier>{84d74392-4955-434c-9d02-53132a96a401}</UniqueIdentifier>
    </Filter>
  </ItemGroup>
  <ItemGroup>
    <ClCompile Include="src\Module.cpp">
      <Filter>Source Files</Filter>
    </ClCompile>
    <ClCompile Include="src\StdAfx.cpp">
      <Filter>Source Files</Filter>
    </ClCompile>
    <ClCompile Include="src\Package.cpp">
      <Filter>Source Files</Filter>
    </ClCompile>
    <ClCompile Include="src\vspDTEConnector.cpp">
      <Filter>Source Files</Filter>
    </ClCompile>
    <ClCompile Include="src\vspImageAndBuffersEditorDocument.cpp">
      <Filter>Source Files</Filter>
    </ClCompile>
    <ClCompile Include="src\vspPackageCommandHandler.cpp">
      <Filter>Source Files</Filter>
    </ClCompile>
    <ClCompile Include="src\vspPackageWrapper.cpp">
      <Filter>Source Files</Filter>
    </ClCompile>
    <ClCompile Include="src\vspToolWindow.cpp">
      <Filter>Source Files</Filter>
    </ClCompile>
    <ClCompile Include="src\vspUnknown.cpp">
      <Filter>Source Files</Filter>
    </ClCompile>
    <ClCompile Include="src\vspUtils.cpp">
      <Filter>Source Files</Filter>
    </ClCompile>
    <ClCompile Include="src\vspProfileSessionEditorDocument.cpp">
      <Filter>Source Files</Filter>
    </ClCompile>
    <ClCompile Include="src\vspTimer.cpp">
      <Filter>Source Files</Filter>
    </ClCompile>
    <ClCompile Include="src\vspKernelAnalyzerEditorDocument.cpp">
      <Filter>Source Files</Filter>
    </ClCompile>
    <ClCompile Include="src\vscVsUtils.cpp">
      <Filter>Source Files</Filter>
    </ClCompile>
    <ClCompile Include="src\guids.cpp">
      <Filter>Source Files</Filter>
    </ClCompile>
    <ClCompile Include="src\vspEditorDocument.cpp">
      <Filter>Source Files</Filter>
    </ClCompile>
    <ClCompile Include="src\vspCoreAPI.cpp">
      <Filter>Source Files</Filter>
    </ClCompile>
  </ItemGroup>
  <ItemGroup>
    <ClInclude Include="src\CommonIncludes.h">
      <Filter>Header Files</Filter>
    </ClInclude>
    <ClInclude Include="src\Guids.h">
      <Filter>Header Files</Filter>
    </ClInclude>
    <ClInclude Include="src\Package.h">
      <Filter>Header Files</Filter>
    </ClInclude>
    <ClInclude Include="src\Resource.h">
      <Filter>Header Files</Filter>
    </ClInclude>
    <ClInclude Include="src\StdAfx.h">
      <Filter>Header Files</Filter>
    </ClInclude>
    <ClInclude Include="Include\vspCommandIDs.h">
      <Filter>Header Files</Filter>
    </ClInclude>
    <ClInclude Include="Include\vspStringConstants.h">
      <Filter>Header Files</Filter>
    </ClInclude>
    <ClInclude Include="src\EditorFactory.h">
      <Filter>Header Files</Filter>
    </ClInclude>
    <ClInclude Include="src\vspDTEConnector.h">
      <Filter>Header Files</Filter>
    </ClInclude>
    <ClInclude Include="src\vspImageAndBuffersEditorDocument.h">
      <Filter>Header Files</Filter>
    </ClInclude>
    <ClInclude Include="src\vspPackageCommandHandler.h">
      <Filter>Header Files</Filter>
    </ClInclude>
    <ClInclude Include="src\vspPackageWrapper.h">
      <Filter>Header Files</Filter>
    </ClInclude>
    <ClInclude Include="src\vspToolWindow.h">
      <Filter>Header Files</Filter>
    </ClInclude>
    <ClInclude Include="src\vspUnknown.h">
      <Filter>Header Files</Filter>
    </ClInclude>
    <ClInclude Include="src\vspUtils.h">
      <Filter>Header Files</Filter>
    </ClInclude>
    <ClInclude Include="src\ProfileSessionEditorFactory.h">
      <Filter>Header Files</Filter>
    </ClInclude>
    <ClInclude Include="src\vspKernelAnalyzerEditorDocument.h">
      <Filter>Header Files</Filter>
    </ClInclude>
    <ClInclude Include="src\KernelAnalyzerEditorFactory.h">
      <Filter>Header Files</Filter>
    </ClInclude>
    <ClInclude Include="src\vscVsUtils.h">
      <Filter>Header Files</Filter>
    </ClInclude>
    <ClInclude Include="src\vspProfileSessionEditorDocument.h">
      <Filter>Header Files</Filter>
    </ClInclude>
    <ClInclude Include="src\vspTimer.h">
      <Filter>Header Files</Filter>
    </ClInclude>
    <ClInclude Include="src\vspEditorDocument.h">
      <Filter>Header Files</Filter>
    </ClInclude>
    <ClInclude Include="src\vspCoreAPI.h">
      <Filter>Header Files</Filter>
    </ClInclude>
  </ItemGroup>
  <ItemGroup>
    <ResourceCompile Include="res\CodeXLVSPackageVS14.rc">
      <Filter>Resource Files</Filter>
    </ResourceCompile>
  </ItemGroup>
  <ItemGroup>
    <None Include="res\CodeXLVSPackage.def">
      <Filter>Source Files</Filter>
    </None>
    <None Include="res\vspDebugEngine.rgs">
      <Filter>Resource Files</Filter>
    </None>
    <None Include="res\vspDebugEngine-d.rgs">
      <Filter>Resource Files</Filter>
    </None>
  </ItemGroup>
  <ItemGroup>
    <PkgdefFile Include="res\CodeXLVSPackageVS14.pkgdef">
      <Filter>Source Files</Filter>
    </PkgdefFile>
  </ItemGroup>
  <ItemGroup>
    <Midl Include="src\CodeXLVSPackage.idl">
      <Filter>Source Files</Filter>
    </Midl>
  </ItemGroup>
</Project>