<?xml version="1.0" encoding="utf-8"?>
<Project ToolsVersion="4.0" xmlns="http://schemas.microsoft.com/developer/msbuild/2003">
  <ItemGroup>
    <Filter Include="Source Files">
      <UniqueIdentifier>{4FC737F1-C7A5-4376-A066-2A32D752A2FF}</UniqueIdentifier>
      <Extensions>cpp;c;cc;cxx;def;odl;idl;hpj;bat;asm;asmx</Extensions>
    </Filter>
    <Filter Include="Header Files">
      <UniqueIdentifier>{93995380-89BD-4b04-88EB-625FBE52EBFB}</UniqueIdentifier>
      <Extensions>h;hpp;hxx;hm;inl;inc;xsd</Extensions>
    </Filter>
    <Filter Include="Resource Files">
      <UniqueIdentifier>{67DA6AB6-F800-4c08-8B7A-83BB121AAD01}</UniqueIdentifier>
      <Extensions>rc;ico;cur;bmp;dlg;rc2;rct;bin;rgs;gif;jpg;jpeg;jpe;resx;tiff;tif;png;wav;mfcribbon-ms</Extensions>
    </Filter>
    <Filter Include="Driver Files">
      <UniqueIdentifier>{8E41214B-6785-4CFE-B992-037D68949A14}</UniqueIdentifier>
      <Extensions>inf;inv;inx;mof;mc;</Extensions>
    </Filter>
  </ItemGroup>
  <ItemGroup>
    <ClInclude Include="src\resource.h">
      <Filter>Resource Files</Filter>
    </ClInclude>
    <ClInclude Include="inc\AMDTPwrProfDriver.h">
      <Filter>Header Files</Filter>
    </ClInclude>
    <ClInclude Include="inc\AMDTPwrProfInternal.h">
      <Filter>Header Files</Filter>
    </ClInclude>
    <ClInclude Include="inc\AMDTPwrProfIoctls.h">
      <Filter>Header Files</Filter>
    </ClInclude>
    <ClInclude Include="..\inc\AMDTCommonConfig.h">
      <Filter>Header Files</Filter>
    </ClInclude>
    <ClInclude Include="..\inc\AMDTCounterAccessInterface.h">
      <Filter>Header Files</Filter>
    </ClInclude>
    <ClInclude Include="..\inc\AMDTDriverTypedefs.h">
      <Filter>Header Files</Filter>
    </ClInclude>
    <ClInclude Include="..\inc\AMDTHelpers.h">
      <Filter>Header Files</Filter>
    </ClInclude>
    <ClInclude Include="..\inc\AMDTHwAccessInterface.h">
      <Filter>Header Files</Filter>
    </ClInclude>
    <ClInclude Include="..\inc\AMDTPwrProfAttributes.h">
      <Filter>Header Files</Filter>
    </ClInclude>
    <ClInclude Include="..\inc\AMDTRawDataFileHeader.h">
      <Filter>Header Files</Filter>
    </ClInclude>
    <ClInclude Include="..\inc\AMDTSmu7Interface.h">
      <Filter>Header Files</Filter>
    </ClInclude>
    <ClInclude Include="..\inc\AMDTSmu8Interface.h">
      <Filter>Header Files</Filter>
    </ClInclude>
    <ClInclude Include="..\inc\Smu8Header\AMDTCounterOffset.h">
      <Filter>Header Files</Filter>
    </ClInclude>
    <ClInclude Include="..\inc\Smu8Header\AMDTCounterTable.h">
      <Filter>Header Files</Filter>
    </ClInclude>
    <ClInclude Include="..\inc\AMDTDriverInternal.h">
      <Filter>Header Files</Filter>
    </ClInclude>
    <ClInclude Include="inc\AMDTSharedMemConfig.h">
      <Filter>Header Files</Filter>
    </ClInclude>
    <ClInclude Include="..\inc\AMDTAccessPmcData.h">
      <Filter>Header Files</Filter>
    </ClInclude>
  </ItemGroup>
  <ItemGroup>
    <ResourceCompile Include="src\PwrProf.rc">
      <Filter>Resource Files</Filter>
    </ResourceCompile>
  </ItemGroup>
  <ItemGroup>
    <ClCompile Include="..\common\AMDTCommonConfig.c">
      <Filter>Source Files</Filter>
    </ClCompile>
    <ClCompile Include="..\common\AMDTCounterAccessInterface.c">
      <Filter>Source Files</Filter>
    </ClCompile>
    <ClCompile Include="..\common\AMDTHwAccessInterface.c">
      <Filter>Source Files</Filter>
    </ClCompile>
    <ClCompile Include="..\common\AMDTRawDataFile.c">
      <Filter>Source Files</Filter>
    </ClCompile>
    <ClCompile Include="..\common\AMDTSmu7Interface.c">
      <Filter>Source Files</Filter>
    </ClCompile>
    <ClCompile Include="..\common\AMDTSmu8Interface.c">
      <Filter>Source Files</Filter>
    </ClCompile>
    <ClCompile Include="src\AMDTPwrProfInternal.cpp">
      <Filter>Source Files</Filter>
    </ClCompile>
    <ClCompile Include="src\AMDTPwrProfIoctls.cpp">
      <Filter>Source Files</Filter>
    </ClCompile>
    <ClCompile Include="src\AMDTHelpers.cpp">
      <Filter>Source Files</Filter>
    </ClCompile>
    <ClCompile Include="..\common\AMDTAccessPmcData.c">
      <Filter>Source Files</Filter>
    </ClCompile>
    <ClCompile Include="..\common\AMDTPwrCommonHelper.c">
      <Filter>Source Files</Filter>
    </ClCompile>
    <ClCompile Include="..\Non-OpenSource\AMDTSmu9Interface.c">
      <Filter>Source Files</Filter>
    </ClCompile>
  </ItemGroup>
  <ItemGroup>
    <Inf Include="install\PowerProf.inf">
      <Filter>Driver Files</Filter>
    </Inf>
  </ItemGroup>
</Project>