<?xml version="1.0" encoding="utf-8"?>
<Project ToolsVersion="4.0" xmlns="http://schemas.microsoft.com/developer/msbuild/2003">
  <ItemGroup>
    <ClCompile Include="..\..\..\..\..\Common\Src\DeviceInfo\DeviceInfoInternal.cpp">
      <Filter>DeviceInfo</Filter>
    </ClCompile>
    <ClCompile Include="..\..\..\..\..\Common\Src\DeviceInfo\DeviceInfoUtils.cpp">
      <Filter>DeviceInfo</Filter>
    </ClCompile>
    <ClCompile Include="..\..\..\..\..\Common\Src\DynamicLibraryModule\DynamicLibraryModule.cpp">
      <Filter>DynamicLibraryModule</Filter>
    </ClCompile>
    <ClCompile Include="..\..\..\..\..\Common\Src\GPUPerfAPIUtils\GPUPerfAPILoader.cpp">
      <Filter>GPUPerfAPIUtils</Filter>
    </ClCompile>
    <ClCompile Include="BinFileHeader.cpp">
      <Filter>Source Files</Filter>
    </ClCompile>
    <ClCompile Include="CSVFileParser.cpp">
      <Filter>Source Files</Filter>
    </ClCompile>
    <ClCompile Include="FileUtils.cpp">
      <Filter>Source Files</Filter>
    </ClCompile>
    <ClCompile Include="GlobalSettings.cpp">
      <Filter>Source Files</Filter>
    </ClCompile>
    <ClCompile Include="GPAUtils.cpp">
      <Filter>Source Files</Filter>
    </ClCompile>
    <ClCompile Include="HTMLTable.cpp">
      <Filter>Source Files</Filter>
    </ClCompile>
    <ClCompile Include="jqPlotChart.cpp">
      <Filter>Source Files</Filter>
    </ClCompile>
    <ClCompile Include="KernelProfileResultManager.cpp">
      <Filter>Source Files</Filter>
    </ClCompile>
    <ClCompile Include="KernelStats.cpp">
      <Filter>Source Files</Filter>
    </ClCompile>
    <ClCompile Include="LocaleSetting.cpp">
      <Filter>Source Files</Filter>
    </ClCompile>
    <ClCompile Include="Logger.cpp">
      <Filter>Source Files</Filter>
    </ClCompile>
    <ClCompile Include="OSUtils.cpp">
      <Filter>Source Files</Filter>
    </ClCompile>
    <ClCompile Include="StackTracer.cpp">
      <Filter>Source Files</Filter>
    </ClCompile>
    <ClCompile Include="StringUtils.cpp">
      <Filter>Source Files</Filter>
    </ClCompile>
    <ClCompile Include="Timer.cpp">
      <Filter>Source Files</Filter>
    </ClCompile>
    <ClCompile Include="..\..\..\..\..\Common\Src\GPUPerfAPIUtils\GPUPerfAPIRegistry.cpp">
      <Filter>GPUPerfAPIUtils</Filter>
    </ClCompile>
    <ClCompile Include="windows\RefTracker.cpp">
      <Filter>Windows</Filter>
    </ClCompile>
    <ClCompile Include="..\..\..\..\..\Common\Src\AMDTMutex\AMDTMutex.cpp">
      <Filter>AMDTMutex</Filter>
    </ClCompile>
    <ClCompile Include="..\..\..\..\..\Common\Src\ADLUtil\ADLUtil.cpp">
      <Filter>ADLUtil</Filter>
    </ClCompile>
    <ClCompile Include="APIInfoManagerBase.cpp">
      <Filter>Source Files</Filter>
    </ClCompile>
    <ClCompile Include="TraceInfoManager.cpp">
      <Filter>Source Files</Filter>
    </ClCompile>
    <ClCompile Include="APITraceUtils.cpp">
      <Filter>Source Files</Filter>
    </ClCompile>
    <ClCompile Include="ATPFileUtils.cpp">
      <Filter>Source Files</Filter>
    </ClCompile>
    <ClCompile Include="ProfilerTimer.cpp">
      <Filter>Source Files</Filter>
    </ClCompile>
    <ClCompile Include="GPUPerfAPICounterLoader.cpp">
      <Filter>GPUPerfAPIUtils</Filter>
    </ClCompile>
  </ItemGroup>
  <ItemGroup>
    <ClInclude Include="..\..\..\..\..\Common\Src\DeviceInfo\DeviceInfo.h">
      <Filter>DeviceInfo</Filter>
    </ClInclude>
    <ClInclude Include="..\..\..\..\..\Common\Src\DeviceInfo\DeviceInfoUtils.h">
      <Filter>DeviceInfo</Filter>
    </ClInclude>
    <ClInclude Include="..\..\..\..\..\Common\Src\DynamicLibraryModule\DynamicLibraryModule.h">
      <Filter>DynamicLibraryModule</Filter>
    </ClInclude>
    <ClInclude Include="..\..\..\..\..\Common\Src\GPUPerfAPIUtils\GPUPerfAPILoader.h">
      <Filter>GPUPerfAPIUtils</Filter>
    </ClInclude>
    <ClInclude Include="BaseParser.h">
      <Filter>Header Files</Filter>
    </ClInclude>
    <ClInclude Include="BinFileHeader.h">
      <Filter>Header Files</Filter>
    </ClInclude>
    <ClInclude Include="CSVFileParser.h">
      <Filter>Header Files</Filter>
    </ClInclude>
    <ClInclude Include="Defs.h">
      <Filter>Header Files</Filter>
    </ClInclude>
    <ClInclude Include="FileUtils.h">
      <Filter>Header Files</Filter>
    </ClInclude>
    <ClInclude Include="GlobalSettings.h">
      <Filter>Header Files</Filter>
    </ClInclude>
    <ClInclude Include="GPAUtils.h">
      <Filter>Header Files</Filter>
    </ClInclude>
    <ClInclude Include="HTMLTable.h">
      <Filter>Header Files</Filter>
    </ClInclude>
    <ClInclude Include="IParserListener.h">
      <Filter>Header Files</Filter>
    </ClInclude>
    <ClInclude Include="IParserProgressMonitor.h">
      <Filter>Header Files</Filter>
    </ClInclude>
    <ClInclude Include="jqPlotChart.h">
      <Filter>Header Files</Filter>
    </ClInclude>
    <ClInclude Include="JScript.h">
      <Filter>Header Files</Filter>
    </ClInclude>
    <ClInclude Include="KernelProfileResultManager.h">
      <Filter>Header Files</Filter>
    </ClInclude>
    <ClInclude Include="KernelStats.h">
      <Filter>Header Files</Filter>
    </ClInclude>
    <ClInclude Include="LocaleSetting.h">
      <Filter>Header Files</Filter>
    </ClInclude>
    <ClInclude Include="LocalTSingleton.h">
      <Filter>Header Files</Filter>
    </ClInclude>
    <ClInclude Include="Logger.h">
      <Filter>Header Files</Filter>
    </ClInclude>
    <ClInclude Include="OSUtils.h">
      <Filter>Header Files</Filter>
    </ClInclude>
    <ClInclude Include="Runnable.h">
      <Filter>Header Files</Filter>
    </ClInclude>
    <ClInclude Include="SeqIDGenerator.h">
      <Filter>Header Files</Filter>
    </ClInclude>
    <ClInclude Include="StackTracer.h">
      <Filter>Header Files</Filter>
    </ClInclude>
    <ClInclude Include="StringUtils.h">
      <Filter>Header Files</Filter>
    </ClInclude>
    <ClInclude Include="Timer.h">
      <Filter>Header Files</Filter>
    </ClInclude>
    <ClInclude Include="Version.h">
      <Filter>Header Files</Filter>
    </ClInclude>
    <ClInclude Include="..\..\..\..\..\Common\Src\GPUPerfAPIUtils\GPUPerfAPIRegistry.h">
      <Filter>GPUPerfAPIUtils</Filter>
    </ClInclude>
    <ClInclude Include="windows\RefTracker.h">
      <Filter>Windows</Filter>
    </ClInclude>
    <ClInclude Include="..\..\..\..\..\Common\Src\AMDTMutex\AMDTMutex.h">
      <Filter>AMDTMutex</Filter>
    </ClInclude>
    <ClInclude Include="..\..\..\..\..\Common\Src\ADLUtil\ADLUtil.h">
      <Filter>ADLUtil</Filter>
    </ClInclude>
    <ClInclude Include="APITraceUtils.h">
      <Filter>Header Files</Filter>
    </ClInclude>
    <ClInclude Include="APIInfo.h">
      <Filter>Header Files</Filter>
    </ClInclude>
    <ClInclude Include="ATPFileUtils.h">
      <Filter>Header Files</Filter>
    </ClInclude>
    <ClInclude Include="APIInfoManagerBase.h">
      <Filter>Header Files</Filter>
    </ClInclude>
    <ClInclude Include="TraceInfoManager.h">
      <Filter>Header Files</Filter>
    </ClInclude>
    <ClInclude Include="ProfilerTimer.h">
      <Filter>Header Files</Filter>
    </ClInclude>
    <ClInclude Include="GPUPerfAPICounterLoader.h">
      <Filter>GPUPerfAPIUtils</Filter>
    </ClInclude>
  </ItemGroup>
  <ItemGroup>
    <Filter Include="DeviceInfo">
      <UniqueIdentifier>{fde47d47-04fd-401d-973c-45bfdd6f658f}</UniqueIdentifier>
    </Filter>
    <Filter Include="DynamicLibraryModule">
      <UniqueIdentifier>{74fa6d82-487a-4b16-91fc-f7d51a62f369}</UniqueIdentifier>
    </Filter>
    <Filter Include="GPUPerfAPIUtils">
      <UniqueIdentifier>{509e05bc-c619-4317-b666-d51bd2137da3}</UniqueIdentifier>
    </Filter>
    <Filter Include="Header Files">
      <UniqueIdentifier>{5efbc9b4-4f2d-4e8f-b236-3f23ee362b4d}</UniqueIdentifier>
    </Filter>
    <Filter Include="Source Files">
      <UniqueIdentifier>{3549275f-e7e4-4fde-a3ea-6ce05cbcad64}</UniqueIdentifier>
    </Filter>
    <Filter Include="Windows">
      <UniqueIdentifier>{c413e142-1ca7-440f-a36f-8b0a5010fed5}</UniqueIdentifier>
    </Filter>
    <Filter Include="AMDTMutex">
      <UniqueIdentifier>{e1cc8e03-7b53-411e-942a-ae38a544e6e6}</UniqueIdentifier>
    </Filter>
    <Filter Include="ADLUtil">
      <UniqueIdentifier>{3f25ee92-f719-421f-86f4-09ba71c4a4dd}</UniqueIdentifier>
    </Filter>
  </ItemGroup>
</Project>