<?xml version="1.0" encoding="utf-8"?>
<Project ToolsVersion="4.0" xmlns="http://schemas.microsoft.com/developer/msbuild/2003">
  <ItemGroup>
    <ClCompile Include="..\..\..\..\..\Common\Src\CElf\Src\CElf.cpp">
      <Filter>CElf</Filter>
    </ClCompile>
    <ClCompile Include="..\..\..\..\..\Common\Src\CElf\Src\CElfSection.cpp">
      <Filter>CElf</Filter>
    </ClCompile>
    <ClCompile Include="..\..\..\..\..\Common\Src\CElf\Src\CElfStringTable.cpp">
      <Filter>CElf</Filter>
    </ClCompile>
    <ClCompile Include="..\..\..\..\..\Common\Src\CElf\Src\CElfSymbolTable.cpp">
      <Filter>CElf</Filter>
    </ClCompile>
    <ClCompile Include="..\..\..\..\..\Common\Src\DynamicLibraryModule\ACLModule.cpp">
      <Filter>Source Files</Filter>
    </ClCompile>
    <ClCompile Include="CLBuffer.cpp">
      <Filter>Source Files</Filter>
    </ClCompile>
    <ClCompile Include="CLContext.cpp">
      <Filter>Source Files</Filter>
    </ClCompile>
    <ClCompile Include="CLContextManager.cpp">
      <Filter>Source Files</Filter>
    </ClCompile>
    <ClCompile Include="CLDeferredKernel.cpp">
      <Filter>Source Files</Filter>
    </ClCompile>
    <ClCompile Include="CLGPAProfiler.cpp">
      <Filter>Source Files</Filter>
    </ClCompile>
    <ClCompile Include="CLInitProfiler.cpp">
      <Filter>Source Files</Filter>
    </ClCompile>
    <ClCompile Include="CLKernel.cpp">
      <Filter>Source Files</Filter>
    </ClCompile>
    <ClCompile Include="CLKernelAssembly.cpp">
      <Filter>Source Files</Filter>
    </ClCompile>
    <ClCompile Include="CLProfileAgent.cpp">
      <Filter>Source Files</Filter>
    </ClCompile>
    <ClCompile Include="CLProfilerMineCLEntry.cpp">
      <Filter>Source Files</Filter>
    </ClCompile>
    <ClCompile Include="CLProfilerMineCLMemory.cpp">
      <Filter>Source Files</Filter>
    </ClCompile>
    <ClCompile Include="CLUserEvent.cpp">
      <Filter>Source Files</Filter>
    </ClCompile>
    <ClCompile Include="..\..\..\..\..\Common\Src\ADLUtil\ADLUtil.cpp">
      <Filter>ADLUtil</Filter>
    </ClCompile>
    <ClCompile Include="..\..\..\..\..\Common\Src\ACLModuleManager\ACLModuleManager.cpp">
      <Filter>ACLModuleManager</Filter>
    </ClCompile>
  </ItemGroup>
  <ItemGroup>
    <ClInclude Include="CLBuffer.h">
      <Filter>Header Files</Filter>
    </ClInclude>
    <ClInclude Include="CLContext.h">
      <Filter>Header Files</Filter>
    </ClInclude>
    <ClInclude Include="CLContextManager.h">
      <Filter>Header Files</Filter>
    </ClInclude>
    <ClInclude Include="CLDeferredKernel.h">
      <Filter>Header Files</Filter>
    </ClInclude>
    <ClInclude Include="CLGPAProfiler.h">
      <Filter>Header Files</Filter>
    </ClInclude>
    <ClInclude Include="CLInitProfiler.h">
      <Filter>Header Files</Filter>
    </ClInclude>
    <ClInclude Include="CLKernel.h">
      <Filter>Header Files</Filter>
    </ClInclude>
    <ClInclude Include="CLKernelAssembly.h">
      <Filter>Header Files</Filter>
    </ClInclude>
    <ClInclude Include="CLProfileAgent.h">
      <Filter>Header Files</Filter>
    </ClInclude>
    <ClInclude Include="CLProfilerMineCLEntry.h">
      <Filter>Header Files</Filter>
    </ClInclude>
    <ClInclude Include="CLProfilerMineCLMemory.h">
      <Filter>Header Files</Filter>
    </ClInclude>
    <ClInclude Include="CLUserEvent.h">
      <Filter>Header Files</Filter>
    </ClInclude>
    <ClInclude Include="resource.h">
      <Filter>Header Files</Filter>
    </ClInclude>
    <ClInclude Include="..\..\..\..\..\Common\Src\ACLModuleManager\ACLModuleManager.h">
      <Filter>ACLModuleManager</Filter>
    </ClInclude>
  </ItemGroup>
  <ItemGroup>
    <Filter Include="Resource Files">
      <UniqueIdentifier>{7124187b-7b76-4cc9-bdd2-0ff0af4cbbdc}</UniqueIdentifier>
    </Filter>
    <Filter Include="CElf">
      <UniqueIdentifier>{59c4443f-a055-4755-8763-238265e9bc85}</UniqueIdentifier>
    </Filter>
    <Filter Include="Header Files">
      <UniqueIdentifier>{22d938b8-1adb-4011-ac9a-850e37321634}</UniqueIdentifier>
    </Filter>
    <Filter Include="Source Files">
      <UniqueIdentifier>{90ebe1c6-68ac-4d65-a554-91b9e6522a45}</UniqueIdentifier>
    </Filter>
    <Filter Include="ADLUtil">
      <UniqueIdentifier>{33683a43-a8a1-40d6-a5ac-d8b74ef5e4b0}</UniqueIdentifier>
    </Filter>
    <Filter Include="ACLModuleManager">
      <UniqueIdentifier>{f3e0c876-a5b8-4fe4-9f11-125e1ca8d51d}</UniqueIdentifier>
    </Filter>
  </ItemGroup>
  <ItemGroup>
    <ResourceCompile Include="..\..\..\..\..\Common\Src\VersionInfo\VersionResource.rc" />
  </ItemGroup>
</Project>