<?xml version="1.0" encoding="utf-8"?>
<Project ToolsVersion="4.0" xmlns="http://schemas.microsoft.com/developer/msbuild/2003">
  <ItemGroup>
    <Filter Include="Source Files">
      <UniqueIdentifier>{4FC737F1-C7A5-4376-A066-2A32D752A2FF}</UniqueIdentifier>
      <Extensions>cpp;c;cc;cxx;def;odl;idl;hpj;bat;asm;asmx</Extensions>
    </Filter>
    <Filter Include="Header Files">
      <UniqueIdentifier>{93995380-89BD-4b04-88EB-625FBE52EBFB}</UniqueIdentifier>
      <Extensions>h;hpp;hxx;hm;inl;inc;xsd</Extensions>
    </Filter>
    <Filter Include="Resource Files">
      <UniqueIdentifier>{67DA6AB6-F800-4c08-8B7A-83BB121AAD01}</UniqueIdentifier>
      <Extensions>rc;ico;cur;bmp;dlg;rc2;rct;bin;rgs;gif;jpg;jpeg;jpe;resx;tiff;tif;png;wav;mfcribbon-ms</Extensions>
    </Filter>
    <Filter Include="Generated Files">
      <UniqueIdentifier>{f63451dc-1dc8-4877-94f3-62548106bcab}</UniqueIdentifier>
    </Filter>
  </ItemGroup>
  <ItemGroup>
    <ClInclude Include="vs\resource.h">
      <Filter>Header Files</Filter>
    </ClInclude>
    <ClInclude Include="inc\LibExport.h">
      <Filter>Header Files</Filter>
    </ClInclude>
    <ClInclude Include="inc\SessionExplorerDefs.h">
      <Filter>Header Files</Filter>
    </ClInclude>
    <ClInclude Include="inc\SessionTypeTreeHandlerAbstract.h">
      <Filter>Header Files</Filter>
    </ClInclude>
    <ClInclude Include="inc\StringConstants.h">
      <Filter>Header Files</Filter>
    </ClInclude>
    <ClInclude Include="inc\SharedProfileSingletonsDelete.h">
      <Filter>Header Files</Filter>
    </ClInclude>
    <ClInclude Include="inc\SharedProfileProcessMonitor.h">
      <Filter>Header Files</Filter>
    </ClInclude>
  </ItemGroup>
  <ItemGroup>
    <ClCompile Include="src\dllmain.cpp">
      <Filter>Source Files</Filter>
    </ClCompile>
    <ClCompile Include="src\AMDTSharedProfiling.cpp">
      <Filter>Source Files</Filter>
    </ClCompile>
    <ClCompile Include="src\SharedProfileManager.cpp">
      <Filter>Source Files</Filter>
    </ClCompile>
    <ClCompile Include="src\SharedMenuActions.cpp">
      <Filter>Source Files</Filter>
    </ClCompile>
    <ClCompile Include="tmp\moc_$(Platform)$(Configuration)\moc_SharedProfileManager.cpp">
      <Filter>Generated Files</Filter>
    </ClCompile>
    <ClCompile Include="tmp\moc_$(Platform)$(Configuration)\moc_SharedMenuActions.cpp">
      <Filter>Generated Files</Filter>
    </ClCompile>
    <ClCompile Include="src\ProfileApplicationTreeHandler.cpp">
      <Filter>Source Files</Filter>
    </ClCompile>
    <ClCompile Include="tmp\moc_$(Platform)$(Configuration)\moc_ProfileApplicationTreeHandler.cpp">
      <Filter>Generated Files</Filter>
    </ClCompile>
    <ClCompile Include="src\SessionTreeNodeData.cpp">
      <Filter>Source Files</Filter>
    </ClCompile>
    <ClCompile Include="tmp\moc_$(Platform)$(Configuration)\moc_SessionTreeNodeData.cpp">
      <Filter>Generated Files</Filter>
    </ClCompile>
    <ClCompile Include="src\SharedProfileSettingPage.cpp">
      <Filter>Source Files</Filter>
    </ClCompile>
    <ClCompile Include="tmp\moc_$(Platform)$(Configuration)\moc_SharedProfileSettingPage.cpp">
      <Filter>Generated Files</Filter>
    </ClCompile>
    <ClCompile Include="src\SharedSessionWindow.cpp">
      <Filter>Source Files</Filter>
    </ClCompile>
    <ClCompile Include="tmp\moc_$(Platform)$(Configuration)\moc_SharedSessionWindow.cpp">
      <Filter>Generated Files</Filter>
    </ClCompile>
    <ClCompile Include="src\SharedProfileSingletonsDelete.cpp">
      <Filter>Source Files</Filter>
    </ClCompile>
    <ClCompile Include="src\SharedProfileProcessMonitor.cpp">
      <Filter>Source Files</Filter>
    </ClCompile>
  </ItemGroup>
  <ItemGroup>
    <CustomBuild Include="inc\SharedProfileManager.h">
      <Filter>Header Files</Filter>
    </CustomBuild>
    <CustomBuild Include="inc\SharedMenuActions.h">
      <Filter>Header Files</Filter>
    </CustomBuild>
    <CustomBuild Include="inc\ProfileApplicationTreeHandler.h">
      <Filter>Header Files</Filter>
    </CustomBuild>
    <CustomBuild Include="inc\SessionTreeNodeData.h">
      <Filter>Header Files</Filter>
    </CustomBuild>
    <CustomBuild Include="inc\AMDTSharedProfiling.h">
      <Filter>Header Files</Filter>
    </CustomBuild>
    <CustomBuild Include="inc\SharedProfileSettingPage.h">
      <Filter>Header Files</Filter>
    </CustomBuild>
    <CustomBuild Include="inc\SharedSessionWindow.h">
      <Filter>Header Files</Filter>
    </CustomBuild>
  </ItemGroup>
  <ItemGroup>
    <None Include="inc\Profile.xpm">
      <Filter>Resource Files</Filter>
    </None>
    <None Include="..\SConscript" />
  </ItemGroup>
  <ItemGroup>
    <ResourceCompile Include="$(CommonProjectsDir)\VersionInfo\VersionResource.rc">
      <Filter>Resource Files</Filter>
    </ResourceCompile>
  </ItemGroup>
</Project>