<?xml version="1.0" encoding="utf-8"?>
<Project ToolsVersion="4.0" xmlns="http://schemas.microsoft.com/developer/msbuild/2003">
  <ItemGroup>
    <Filter Include="Source Files">
      <UniqueIdentifier>{4FC737F1-C7A5-4376-A066-2A32D752A2FF}</UniqueIdentifier>
      <Extensions>cpp;c;cc;cxx;def;odl;idl;hpj;bat;asm;asmx</Extensions>
    </Filter>
    <Filter Include="Header Files">
      <UniqueIdentifier>{93995380-89BD-4b04-88EB-625FBE52EBFB}</UniqueIdentifier>
      <Extensions>h;hpp;hxx;hm;inl;inc;xsd</Extensions>
    </Filter>
    <Filter Include="Resource Files">
      <UniqueIdentifier>{67DA6AB6-F800-4c08-8B7A-83BB121AAD01}</UniqueIdentifier>
      <Extensions>rc;ico;cur;bmp;dlg;rc2;rct;bin;rgs;gif;jpg;jpeg;jpe;resx;tiff;tif;png;wav;mfcribbon-ms</Extensions>
    </Filter>
    <Filter Include="Source Files\Linux">
      <UniqueIdentifier>{abffa8ff-e968-4062-ab36-276da7e4ba16}</UniqueIdentifier>
    </Filter>
    <Filter Include="Source Files\Windows">
      <UniqueIdentifier>{12a6ca89-88aa-4488-a726-d125128e76bb}</UniqueIdentifier>
    </Filter>
    <Filter Include="Header Files\Windows">
      <UniqueIdentifier>{1aee55ee-073f-42a8-b5f2-01998b3d3605}</UniqueIdentifier>
    </Filter>
  </ItemGroup>
  <ItemGroup>
    <ResourceCompile Include="$(CommonProjectsDir)\VersionInfo\VersionResource.rc">
      <Filter>Resource Files</Filter>
    </ResourceCompile>
  </ItemGroup>
  <ItemGroup>
    <ClInclude Include="inc\JavaJncReader.h">
      <Filter>Header Files</Filter>
    </ClInclude>
    <ClInclude Include="inc\JclHeader.h">
      <Filter>Header Files</Filter>
    </ClInclude>
    <ClInclude Include="inc\JclReader.h">
      <Filter>Header Files</Filter>
    </ClInclude>
    <ClInclude Include="inc\JclWriter.h">
      <Filter>Header Files</Filter>
    </ClInclude>
    <ClInclude Include="inc\JncWriter.h">
      <Filter>Header Files</Filter>
    </ClInclude>
    <ClInclude Include="inc\OclJncReader.h">
      <Filter>Header Files</Filter>
    </ClInclude>
    <ClInclude Include="inc\ProfilingAgentsDataDLLBuild.h">
      <Filter>Header Files</Filter>
    </ClInclude>
    <ClInclude Include="inc\Windows\CelHeader.h">
      <Filter>Header Files\Windows</Filter>
    </ClInclude>
    <ClInclude Include="inc\Windows\CelReader.h">
      <Filter>Header Files\Windows</Filter>
    </ClInclude>
    <ClInclude Include="inc\Windows\CelWriter.h">
      <Filter>Header Files\Windows</Filter>
    </ClInclude>
    <ClInclude Include="inc\Windows\ClrJncReader.h">
      <Filter>Header Files\Windows</Filter>
    </ClInclude>
    <ClInclude Include="inc\Windows\PjsHeader.h">
      <Filter>Header Files\Windows</Filter>
    </ClInclude>
    <ClInclude Include="inc\Windows\PjsReader.h">
      <Filter>Header Files\Windows</Filter>
    </ClInclude>
    <ClInclude Include="inc\Windows\PjsWriter.h">
      <Filter>Header Files\Windows</Filter>
    </ClInclude>
    <ClInclude Include="src\Windows\JavaJncReader_Win.h">
      <Filter>Source Files\Windows</Filter>
    </ClInclude>
    <ClInclude Include="src\Windows\PeJncWriter.h">
      <Filter>Source Files\Windows</Filter>
    </ClInclude>
    <ClInclude Include="src\Linux\ElfJncWriter.h">
      <Filter>Source Files\Linux</Filter>
    </ClInclude>
    <ClInclude Include="src\Linux\JavaJncReader_Lin.h">
      <Filter>Source Files\Linux</Filter>
    </ClInclude>
    <ClInclude Include="src\Linux\JncJvmtiTypes.h">
      <Filter>Source Files\Linux</Filter>
    </ClInclude>
    <ClInclude Include="..\Utils\CrtFile.h">
      <Filter>Header Files</Filter>
    </ClInclude>
    <ClInclude Include="inc\JvmsParser.h">
      <Filter>Header Files</Filter>
    </ClInclude>
  </ItemGroup>
  <ItemGroup>
    <ClCompile Include="src\DllMain.cpp">
      <Filter>Source Files</Filter>
    </ClCompile>
    <ClCompile Include="src\JclReader.cpp">
      <Filter>Source Files</Filter>
    </ClCompile>
    <ClCompile Include="src\JclWriter.cpp">
      <Filter>Source Files</Filter>
    </ClCompile>
    <ClCompile Include="src\OclJncReader.cpp">
      <Filter>Source Files</Filter>
    </ClCompile>
    <ClCompile Include="src\Windows\CelReader.cpp">
      <Filter>Source Files\Windows</Filter>
    </ClCompile>
    <ClCompile Include="src\Windows\CelWriter.cpp">
      <Filter>Source Files\Windows</Filter>
    </ClCompile>
    <ClCompile Include="src\Windows\ClrJncReader.cpp">
      <Filter>Source Files\Windows</Filter>
    </ClCompile>
    <ClCompile Include="src\Windows\JavaJncReader_Win.cpp">
      <Filter>Source Files\Windows</Filter>
    </ClCompile>
    <ClCompile Include="src\Windows\PeJncWriter.cpp">
      <Filter>Source Files\Windows</Filter>
    </ClCompile>
    <ClCompile Include="src\Windows\PjsReader.cpp">
      <Filter>Source Files\Windows</Filter>
    </ClCompile>
    <ClCompile Include="src\Windows\PjsWriter.cpp">
      <Filter>Source Files\Windows</Filter>
    </ClCompile>
    <ClCompile Include="src\Linux\ElfJncWriter.cpp">
      <Filter>Source Files\Linux</Filter>
    </ClCompile>
    <ClCompile Include="src\Linux\JavaJncReader_Lin.cpp">
      <Filter>Source Files\Linux</Filter>
    </ClCompile>
  </ItemGroup>
</Project>