
Microsoft Visual Studio Solution File, Format Version 12.00
# Visual Studio 2013
VisualStudioVersion = 12.0.30723.0
MinimumVisualStudioVersion = 10.0.40219.1
Project("{8BC9CEB8-8B4A-11D0-8D11-00A0C91BC942}") = "CodeXLVSPackageVS12", "CodeXLVSPackage\CodeXLVSPackageVS12.vcxproj", "{32A506F8-BA4C-4EAD-A93A-6B7402E0DC79}"
	ProjectSection(ProjectDependencies) = postProject
		{57001585-BE09-4986-B5F2-78FBAD0079D0} = {57001585-BE09-4986-B5F2-78FBAD0079D0}
	EndProjectSection
EndProject
Project("{FAE04EC0-301F-11D3-BF4B-00C04F79EFBC}") = "CodeXLVSPackageVS12VSIX", "CodeXLVSPackage\CodeXLVSPackageVS12VSIX\CodeXLVSPackageVS12VSIX.csproj", "{A678BCA6-851A-49A6-9B87-9A17DC1A7792}"
EndProject
Project("{FAE04EC0-301F-11D3-BF4B-00C04F79EFBC}") = "CodeXLVSPackageVS12VSIX-debug", "CodeXLVSPackage\CodeXLVSPackageVS12VSIX\CodeXLVSPackageVS12VSIX-debug.csproj", "{BCB77908-13E6-4852-A37D-473C5588D581}"
EndProject
Project("{8BC9CEB8-8B4A-11D0-8D11-00A0C91BC942}") = "CodeXLVSPackageVS12UI", "CodeXLVSPackageUi\CodeXLVSPackageVS12Ui.vcxproj", "{57001585-BE09-4986-B5F2-78FBAD0079D0}"
EndProject
Global
	GlobalSection(SolutionConfigurationPlatforms) = preSolution
		Debug|Any CPU = Debug|Any CPU
		Debug|Win32 = Debug|Win32
		Release|Any CPU = Release|Any CPU
		Release|Win32 = Release|Win32
	EndGlobalSection
	GlobalSection(ProjectConfigurationPlatforms) = postSolution
		{32A506F8-BA4C-4EAD-A93A-6B7402E0DC79}.Debug|Any CPU.ActiveCfg = Debug|Win32
		{32A506F8-BA4C-4EAD-A93A-6B7402E0DC79}.Debug|Win32.ActiveCfg = Debug|Win32
		{32A506F8-BA4C-4EAD-A93A-6B7402E0DC79}.Debug|Win32.Build.0 = Debug|Win32
		{32A506F8-BA4C-4EAD-A93A-6B7402E0DC79}.Release|Any CPU.ActiveCfg = Release|Win32
		{32A506F8-BA4C-4EAD-A93A-6B7402E0DC79}.Release|Win32.ActiveCfg = Release|Win32
		{32A506F8-BA4C-4EAD-A93A-6B7402E0DC79}.Release|Win32.Build.0 = Release|Win32
		{A678BCA6-851A-49A6-9B87-9A17DC1A7792}.Debug|Any CPU.ActiveCfg = Debug|Any CPU
		{A678BCA6-851A-49A6-9B87-9A17DC1A7792}.Debug|Any CPU.Build.0 = Debug|Any CPU
		{A678BCA6-851A-49A6-9B87-9A17DC1A7792}.Debug|Win32.ActiveCfg = Debug|Any CPU
		{A678BCA6-851A-49A6-9B87-9A17DC1A7792}.Release|Any CPU.ActiveCfg = Release|Any CPU
		{A678BCA6-851A-49A6-9B87-9A17DC1A7792}.Release|Any CPU.Build.0 = Release|Any CPU
		{A678BCA6-851A-49A6-9B87-9A17DC1A7792}.Release|Win32.ActiveCfg = Release|Any CPU
		{A678BCA6-851A-49A6-9B87-9A17DC1A7792}.Release|Win32.Build.0 = Release|Any CPU
		{BCB77908-13E6-4852-A37D-473C5588D581}.Debug|Any CPU.ActiveCfg = Debug|Any CPU
		{BCB77908-13E6-4852-A37D-473C5588D581}.Debug|Any CPU.Build.0 = Debug|Any CPU
		{BCB77908-13E6-4852-A37D-473C5588D581}.Debug|Win32.ActiveCfg = Debug|Any CPU
		{BCB77908-13E6-4852-A37D-473C5588D581}.Debug|Win32.Build.0 = Debug|Any CPU
		{BCB77908-13E6-4852-A37D-473C5588D581}.Release|Any CPU.ActiveCfg = Release|Any CPU
		{BCB77908-13E6-4852-A37D-473C5588D581}.Release|Any CPU.Build.0 = Release|Any CPU
		{BCB77908-13E6-4852-A37D-473C5588D581}.Release|Win32.ActiveCfg = Release|Any CPU
		{57001585-BE09-4986-B5F2-78FBAD0079D0}.Debug|Any CPU.ActiveCfg = Debug|Win32
		{57001585-BE09-4986-B5F2-78FBAD0079D0}.Debug|Win32.ActiveCfg = Debug|Win32
		{57001585-BE09-4986-B5F2-78FBAD0079D0}.Debug|Win32.Build.0 = Debug|Win32
		{57001585-BE09-4986-B5F2-78FBAD0079D0}.Release|Any CPU.ActiveCfg = Release|Win32
		{57001585-BE09-4986-B5F2-78FBAD0079D0}.Release|Win32.ActiveCfg = Release|Win32
		{57001585-BE09-4986-B5F2-78FBAD0079D0}.Release|Win32.Build.0 = Release|Win32
	EndGlobalSection
	GlobalSection(SolutionProperties) = preSolution
		HideSolutionNode = FALSE
	EndGlobalSection
EndGlobal
