<?xml version="1.0" encoding="utf-8"?>
<Project ToolsVersion="4.0" xmlns="http://schemas.microsoft.com/developer/msbuild/2003">
  <ItemGroup>
    <ClCompile Include="CLAPIDefBase.cpp">
      <Filter>Source Files</Filter>
    </ClCompile>
    <ClCompile Include="CLAPIDefs.cpp">
      <Filter>Source Files</Filter>
    </ClCompile>
    <ClCompile Include="CLAPIInfo.cpp">
      <Filter>Source Files</Filter>
    </ClCompile>
    <ClCompile Include="CLAPIInfoManager.cpp">
      <Filter>Source Files</Filter>
    </ClCompile>
    <ClCompile Include="CLAPITraceEntry.cpp">
      <Filter>Source Files</Filter>
    </ClCompile>
    <ClCompile Include="CLEnqueueAPIDefs.cpp">
      <Filter>Source Files</Filter>
    </ClCompile>
    <ClCompile Include="CLEventHandler.cpp">
      <Filter>Source Files</Filter>
    </ClCompile>
    <ClCompile Include="CLEventManager.cpp">
      <Filter>Source Files</Filter>
    </ClCompile>
    <ClCompile Include="CLStringUtils.cpp">
      <Filter>Source Files</Filter>
    </ClCompile>
    <ClCompile Include="CLTraceAgent.cpp">
      <Filter>Source Files</Filter>
    </ClCompile>
    <ClCompile Include="PMCSamplerManager.cpp">
      <Filter>Source Files</Filter>
    </ClCompile>
  </ItemGroup>
  <ItemGroup>
    <ClInclude Include="APTraceUserPMCExt.h">
      <Filter>Header Files</Filter>
    </ClInclude>
    <ClInclude Include="CLAPIDefBase.h">
      <Filter>Header Files</Filter>
    </ClInclude>
    <ClInclude Include="CLAPIDefs.h">
      <Filter>Header Files</Filter>
    </ClInclude>
    <ClInclude Include="CLAPIInfo.h">
      <Filter>Header Files</Filter>
    </ClInclude>
    <ClInclude Include="CLAPIInfoManager.h">
      <Filter>Header Files</Filter>
    </ClInclude>
    <ClInclude Include="CLAPITraceEntry.h">
      <Filter>Header Files</Filter>
    </ClInclude>
    <ClInclude Include="CLEnqueueAPIDefs.h">
      <Filter>Header Files</Filter>
    </ClInclude>
    <ClInclude Include="CLEventHandler.h">
      <Filter>Header Files</Filter>
    </ClInclude>
    <ClInclude Include="CLEventManager.h">
      <Filter>Header Files</Filter>
    </ClInclude>
    <ClInclude Include="CLStringUtils.h">
      <Filter>Header Files</Filter>
    </ClInclude>
    <ClInclude Include="CLTraceAgent.h">
      <Filter>Header Files</Filter>
    </ClInclude>
    <ClInclude Include="PMCSamplerManager.h">
      <Filter>Header Files</Filter>
    </ClInclude>
    <ClInclude Include="resource.h">
      <Filter>Header Files</Filter>
    </ClInclude>
  </ItemGroup>
  <ItemGroup>
    <Filter Include="Header Files">
      <UniqueIdentifier>{0e6e130c-6314-45cd-9853-49392b6cc362}</UniqueIdentifier>
    </Filter>
    <Filter Include="Source Files">
      <UniqueIdentifier>{742861c7-37f2-4804-ba0b-73d101ab5456}</UniqueIdentifier>
    </Filter>
    <Filter Include="Resource FIles">
      <UniqueIdentifier>{903c128b-20c4-4978-a8b4-32bbe544e84d}</UniqueIdentifier>
    </Filter>
  </ItemGroup>
  <ItemGroup>
    <ResourceCompile Include="..\..\..\..\..\Common\Src\VersionInfo\VersionResource.rc">
      <Filter>Resource FIles</Filter>
    </ResourceCompile>
  </ItemGroup>
</Project>