<?xml version="1.0" encoding="utf-8"?>
<Project ToolsVersion="4.0" xmlns="http://schemas.microsoft.com/developer/msbuild/2003">
  <ItemGroup>
    <ClCompile Include="src\common\osApplication.cpp" />
    <ClCompile Include="src\common\osASCIIInputFileImpl.cpp" />
    <ClCompile Include="src\common\osBugReporter.cpp" />
    <ClCompile Include="src\common\osCallStack.cpp" />
    <ClCompile Include="src\common\osCallStackFrame.cpp" />
    <ClCompile Include="src\common\osCGIInputDataReader.cpp" />
    <ClCompile Include="src\common\osChannel.cpp" />
    <ClCompile Include="src\common\osChannelOperators.cpp" />
    <ClCompile Include="src\common\osCommunicationDebugManager.cpp" />
    <ClCompile Include="src\common\osCommunicationDebugThread.cpp" />
    <ClCompile Include="src\common\osCpuid.cpp" />
    <ClCompile Include="src\common\osCriticalSection.cpp" />
    <ClCompile Include="src\common\osCriticalSectionLocker.cpp" />
    <ClCompile Include="src\common\osDebuggingFunctions.cpp" />
    <ClCompile Include="src\common\osDebugLog.cpp" />
    <ClCompile Include="src\common\osDirectory.cpp" />
    <ClCompile Include="src\common\osDNSQueryThread.cpp" />
    <ClCompile Include="src\common\osEmailClient.cpp" />
    <ClCompile Include="src\common\osExceptionReason.cpp" />
    <ClCompile Include="src\common\osFile.cpp" />
    <ClCompile Include="src\common\osFileImpl.cpp" />
    <ClCompile Include="src\common\osFileLauncher.cpp" />
    <ClCompile Include="src\common\osFileLauncherThread.cpp" />
    <ClCompile Include="src\common\osFilePath.cpp" />
    <ClCompile Include="src\common\osFilePathByLastAccessDateCompareFunctor.cpp" />
    <ClCompile Include="src\common\osGeneralFunctions.cpp" />
    <ClCompile Include="src\common\osHTTPClient.cpp" />
    <ClCompile Include="src\common\osInputFileImpl.cpp" />
    <ClCompile Include="src\common\osMessageBox.cpp" />
    <ClCompile Include="src\common\osModule.cpp" />
    <ClCompile Include="src\common\osMutex.cpp" />
    <ClCompile Include="src\common\osMutexLocker.cpp" />
    <ClCompile Include="src\common\osNetworkAdapter.cpp" />
    <ClCompile Include="src\common\osNULLSocket.cpp" />
    <ClCompile Include="src\common\osOSWrappersDLLBuild.cpp" />
    <ClCompile Include="src\common\osOutOfMemoryHandling.cpp" />
    <ClCompile Include="src\common\osOutputFileImpl.cpp" />
    <ClCompile Include="src\common\osPortAddress.cpp" />
    <ClCompile Include="src\common\osRawMemoryBuffer.cpp" />
    <ClCompile Include="src\common\osRawMemoryStream.cpp" />
    <ClCompile Include="src\common\osSettingsFileHandler.cpp" />
    <ClCompile Include="src\common\osSingeltonsDelete.cpp" />
    <ClCompile Include="src\common\osSocket.cpp" />
    <ClCompile Include="src\common\osStream.cpp" />
    <ClCompile Include="src\common\osSynchronizationObject.cpp" />
    <ClCompile Include="src\common\osSynchronizationObjectLocker.cpp" />
    <ClCompile Include="src\common\osTCPSocketServer.cpp" />
    <ClCompile Include="src\common\osTCPSocketServerConnectionHandler.cpp" />
    <ClCompile Include="src\common\osTime.cpp" />
    <ClCompile Include="src\common\osTimeInterval.cpp" />
    <ClCompile Include="src\common\osTransferableObject.cpp" />
    <ClCompile Include="src\common\osTransferableObjectCreatorsBase.cpp" />
    <ClCompile Include="src\common\osTransferableObjectCreatorsManager.cpp" />
    <ClCompile Include="src\common\osTransferableObjectType.cpp" />
    <ClCompile Include="src\common\osWrappersInitFunc.cpp" />
    <ClCompile Include="src\linux\osConsole.cpp" />
    <ClCompile Include="src\linux\osInputFileImpl.cpp" />
    <ClCompile Include="src\linux\osProcessSharedFile.cpp" />
    <ClCompile Include="src\linux\osReadWriteLock.cpp" />
    <ClCompile Include="src\osProductVersion.cpp" />
    <ClCompile Include="src\win32\osKeyboardListener.cpp" />
    <ClCompile Include="src\win32\osApplication.cpp" />
    <ClCompile Include="src\win32\osCallsStackReader.cpp" />
    <ClCompile Include="src\win32\osConsole.cpp" />
    <ClCompile Include="src\win32\osCriticalSectionImpl.cpp" />
    <ClCompile Include="src\win32\osDaemon.cpp" />
    <ClCompile Include="src\win32\osDebuggingFunctions.cpp" />
    <ClCompile Include="src\win32\osDesktop.cpp" />
    <ClCompile Include="src\win32\osDirectory.cpp" />
    <ClCompile Include="src\win32\osFile.cpp" />
    <ClCompile Include="src\win32\osFileLauncher.cpp" />
    <ClCompile Include="src\win32\osFilePath.cpp" />
    <ClCompile Include="src\win32\osFilePermissions.cpp" />
    <ClCompile Include="src\win32\osGeneralFunctions.cpp" />
    <ClCompile Include="src\win32\osInputFileImpl.cpp" />
    <ClCompile Include="src\win32\osMachine.cpp" />
    <ClCompile Include="src\win32\osModule.cpp" />
    <ClCompile Include="src\win32\osMutexImpl.cpp" />
    <ClCompile Include="src\win32\osNetworkAdapter.cpp" />
    <ClCompile Include="src\win32\osPipeSocket.cpp" />
    <ClCompile Include="src\win32\osPipeSocketClient.cpp" />
    <ClCompile Include="src\win32\osPipeSocketServer.cpp" />
    <ClCompile Include="src\win32\osPortAddress.cpp" />
    <ClCompile Include="src\win32\osProcess.cpp" />
    <ClCompile Include="src\win32\osProcessSharedFile.cpp" />
    <ClCompile Include="src\win32\osReadWriteLock.cpp" />
    <ClCompile Include="src\win32\osSingleApplicationInstance.cpp" />
    <ClCompile Include="src\win32\osStopWatch.cpp" />
    <ClCompile Include="src\win32\osSynchronizationObjectImpl.cpp" />
    <ClCompile Include="src\win32\osSystemError.cpp" />
    <ClCompile Include="src\win32\osTCPSocket.cpp" />
    <ClCompile Include="src\win32\osTCPSocketClient.cpp" />
    <ClCompile Include="src\win32\osTCPSocketServer.cpp" />
    <ClCompile Include="src\win32\osThread.cpp" />
    <ClCompile Include="src\win32\osThreadLocalData.cpp" />
    <ClCompile Include="src\win32\osTimer.cpp" />
    <ClCompile Include="src\win32\osToAndFromString.cpp" />
    <ClCompile Include="src\win32\osUnhandledExceptionHandler.cpp" />
    <ClCompile Include="src\win32\osUser.cpp" />
    <ClCompile Include="src\win32\osWin32CallStackReader.cpp" />
    <ClCompile Include="src\win32\osWin32DebugInfoReader.cpp" />
    <ClCompile Include="src\win32\osWin32DebugSymbolsManager.cpp" />
    <ClCompile Include="src\win32\osWin32Functions.cpp" />
    <ClCompile Include="src\linux\osApplication.cpp" />
    <ClCompile Include="src\linux\osCallsStackReader.cpp" />
    <ClCompile Include="src\linux\osCondition.cpp" />
    <ClCompile Include="src\linux\osCriticalSectionImpl.cpp" />
    <ClCompile Include="src\linux\osDaemon.cpp" />
    <ClCompile Include="src\linux\osDebuggingFunctions.cpp" />
    <ClCompile Include="src\linux\osDesktop.cpp" />
    <ClCompile Include="src\linux\osDirectory.cpp" />
    <ClCompile Include="src\linux\osFile.cpp" />
    <ClCompile Include="src\linux\osFileLauncher.cpp" />
    <ClCompile Include="src\linux\osFilePath.cpp" />
    <ClCompile Include="src\linux\osGeneralFunctions.cpp" />
    <ClCompile Include="src\linux\osLinuxProcFileSystemReader.cpp" />
    <ClCompile Include="src\linux\osMachine.cpp" />
    <ClCompile Include="src\linux\osModule.cpp" />
    <ClCompile Include="src\linux\osMutexImpl.cpp" />
    <ClCompile Include="src\linux\osNetworkAdapter.cpp" />
    <ClCompile Include="src\linux\osPipeExecutor.cpp" />
    <ClCompile Include="src\linux\osPipeSocket.cpp" />
    <ClCompile Include="src\linux\osPipeSocketClient.cpp" />
    <ClCompile Include="src\linux\osPipeSocketServer.cpp" />
    <ClCompile Include="src\linux\osPortAddress.cpp" />
    <ClCompile Include="src\linux\osProcess.cpp" />
    <ClCompile Include="src\linux\osSingleApplicationInstance.cpp" />
    <ClCompile Include="src\linux\osSocket.cpp" />
    <ClCompile Include="src\linux\osStopWatch.cpp" />
    <ClCompile Include="src\linux\osSystemError.cpp" />
    <ClCompile Include="src\linux\osTCPSocket.cpp" />
    <ClCompile Include="src\linux\osTCPSocketClient.cpp" />
    <ClCompile Include="src\linux\osTCPSocketServer.cpp" />
    <ClCompile Include="src\linux\osThread.cpp" />
    <ClCompile Include="src\linux\osThreadLocalData.cpp" />
    <ClCompile Include="src\linux\osTimer.cpp" />
    <ClCompile Include="src\linux\osToAndFromString.cpp" />
    <ClCompile Include="src\linux\osUser.cpp" />
    <ClCompile Include="src\mac\osApplication.cpp" />
    <ClCompile Include="src\mac\osBundle.cpp" />
    <ClCompile Include="src\mac\osDebuggingFunctions.cpp" />
    <ClCompile Include="src\mac\osFile.cpp" />
    <ClCompile Include="src\mac\osFilePath.cpp" />
    <ClCompile Include="src\mac\osGeneralFunctions.cpp" />
    <ClCompile Include="src\mac\osMachine.cpp" />
    <ClCompile Include="src\mac\osMacSystemResourcesSampler.cpp" />
    <ClCompile Include="src\mac\osModule.cpp" />
    <ClCompile Include="src\mac\osProcess.cpp" />
    <ClCompile Include="src\win32\osTime.cpp" />
    <ClCompile Include="src\linux\osTime.cpp" />
    <ClCompile Include="src\common\osDirectorySerializer.cpp" />
    <ClCompile Include="src\linux\osKeyboardListener.cpp" />
    <ClCompile Include="src\common\osProcess.cpp" />
    <ClCompile Include="src\common\osEnvironmentVariable.cpp" />
    <ClCompile Include="$(CommonDir)\Src\Miniz\miniz.c" />
  </ItemGroup>
  <ItemGroup>
    <ClInclude Include="Include\osAtomic.h" />
    <ClInclude Include="Include\osCommunicationDebugManager.h" />
    <ClInclude Include="Include\osCommunicationDebugThread.h" />
    <ClInclude Include="Include\osConsole.h" />
    <ClInclude Include="Include\osCpuid.h" />
    <ClInclude Include="Include\osDoubleBufferQueue.h" />
    <ClInclude Include="Include\osEnvironmentVariable.h" />
    <ClInclude Include="Include\osKeyboardListener.h" />
    <ClInclude Include="Include\osOutOfMemoryHandling.h" />
    <ClInclude Include="Include\osProcessSharedFile.h" />
    <ClInclude Include="Include\osProductVersion.h" />
    <ClInclude Include="Include\osApplication.h" />
    <ClInclude Include="Include\osBugReporter.h" />
    <ClInclude Include="Include\osBundle.h" />
    <ClInclude Include="Include\osCallsStackReader.h" />
    <ClInclude Include="Include\osCallStack.h" />
    <ClInclude Include="Include\osCallStackFrame.h" />
    <ClInclude Include="Include\osCGIInputDataReader.h" />
    <ClInclude Include="Include\osChannel.h" />
    <ClInclude Include="Include\osChannelOperators.h" />
    <ClInclude Include="Include\osCondition.h" />
    <ClInclude Include="Include\osCPUSampledData.h" />
    <ClInclude Include="Include\osCriticalSection.h" />
    <ClInclude Include="Include\osCriticalSectionLocker.h" />
    <ClInclude Include="Include\osDaemon.h" />
    <ClInclude Include="Include\osDebuggingFunctions.h" />
    <ClInclude Include="Include\osDebugLog.h" />
    <ClInclude Include="Include\osDebugLogParser.h" />
    <ClInclude Include="Include\osDesktop.h" />
    <ClInclude Include="Include\osDirectory.h" />
    <ClInclude Include="Include\osDNSQueryThread.h" />
    <ClInclude Include="Include\osEmailClient.h" />
    <ClInclude Include="Include\osExceptionReason.h" />
    <ClInclude Include="Include\osFile.h" />
    <ClInclude Include="Include\osFileLauncher.h" />
    <ClInclude Include="Include\osFilePath.h" />
    <ClInclude Include="Include\osFilePathByLastAccessDateCompareFunctor.h" />
    <ClInclude Include="Include\osFilePermissions.h" />
    <ClInclude Include="Include\osGeneralFunctions.h" />
    <ClInclude Include="Include\osHTTPClient.h" />
    <ClInclude Include="Include\osLinuxProcFileSystemReader.h" />
    <ClInclude Include="Include\osMachine.h" />
    <ClInclude Include="Include\osMacSystemResourcesSampler.h" />
    <ClInclude Include="Include\osMessageBox.h" />
    <ClInclude Include="Include\osModule.h" />
    <ClInclude Include="Include\osModuleArchitecture.h" />
    <ClInclude Include="Include\osMutex.h" />
    <ClInclude Include="Include\osMutexLocker.h" />
    <ClInclude Include="Include\osNetworkAdapter.h" />
    <ClInclude Include="Include\osNULLSocket.h" />
    <ClInclude Include="Include\osOSDefinitions.h" />
    <ClInclude Include="Include\osOSWrappersDLLBuild.h" />
    <ClInclude Include="Include\osPhysicalMemorySampledData.h" />
    <ClInclude Include="Include\osPipeExecutor.h" />
    <ClInclude Include="Include\osPipeSocket.h" />
    <ClInclude Include="Include\osPipeSocketClient.h" />
    <ClInclude Include="Include\osPipeSocketServer.h" />
    <ClInclude Include="Include\osPortAddress.h" />
    <ClInclude Include="Include\osProcess.h" />
    <ClInclude Include="Include\osRawMemoryBuffer.h" />
    <ClInclude Include="Include\osRawMemoryStream.h" />
    <ClInclude Include="Include\osReadWriteLock.h" />
    <ClInclude Include="Include\osSettingsFileHandler.h" />
    <ClInclude Include="Include\osSingleApplicationInstance.h" />
    <ClInclude Include="Include\osSocket.h" />
    <ClInclude Include="Include\osStdLibIncludes.h" />
    <ClInclude Include="Include\osStopWatch.h" />
    <ClInclude Include="Include\osStringConstants.h" />
    <ClInclude Include="Include\osStream.h" />
    <ClInclude Include="Include\osSynchronizationObject.h" />
    <ClInclude Include="Include\osSynchronizationObjectLocker.h" />
    <ClInclude Include="Include\osSynchronizedQueue.h" />
    <ClInclude Include="Include\osSystemError.h" />
    <ClInclude Include="Include\osSystemResourcesDataSampler.h" />
    <ClInclude Include="Include\osTCPSocket.h" />
    <ClInclude Include="Include\osTCPSocketClient.h" />
    <ClInclude Include="Include\osTCPSocketServer.h" />
    <ClInclude Include="Include\osTCPSocketServerConnectionHandler.h" />
    <ClInclude Include="Include\osThread.h" />
    <ClInclude Include="Include\osThreadLocalData.h" />
    <ClInclude Include="Include\osTime.h" />
    <ClInclude Include="Include\osTimeInterval.h" />
    <ClInclude Include="Include\osTimer.h" />
    <ClInclude Include="Include\osToAndFromString.h" />
    <ClInclude Include="Include\osTransferableObject.h" />
    <ClInclude Include="Include\osTransferableObjectCreator.h" />
    <ClInclude Include="Include\osTransferableObjectCreatorsBase.h" />
    <ClInclude Include="Include\osTransferableObjectCreatorsManager.h" />
    <ClInclude Include="Include\osTransferableObjectType.h" />
    <ClInclude Include="Include\osUnhandledExceptionHandler.h" />
    <ClInclude Include="Include\osUser.h" />
    <ClInclude Include="Include\osWin32CallStackReader.h" />
    <ClInclude Include="Include\osWin32DebugInfoReader.h" />
    <ClInclude Include="Include\osWin32DebugSymbolsManager.h" />
    <ClInclude Include="Include\osWin32Functions.h" />
    <ClInclude Include="Include\osWrappersInitFunc.h" />
    <ClInclude Include="src\common\osASCIIInputFileImpl.h" />
    <ClInclude Include="src\common\osFileImpl.h" />
    <ClInclude Include="src\common\osFileLauncherThread.h" />
    <ClInclude Include="src\common\osInputFileImpl.h" />
    <ClInclude Include="src\common\osOutputFileImpl.h" />
    <ClInclude Include="src\common\osSingeltonsDelete.h" />
    <ClInclude Include="src\linux\osAtomicImpl.h" />
    <ClInclude Include="src\win32\osAtomicImpl.h" />
    <ClInclude Include="src\win32\osCriticalSectionImpl.h" />
    <ClInclude Include="src\win32\osMutexImpl.h" />
    <ClInclude Include="src\win32\osPrivateData.h" />
    <ClInclude Include="src\win32\osSynchronizationObjectImpl.h" />
    <ClInclude Include="Include\osDirectorySerializer.h" />
  </ItemGroup>
  <ItemGroup>
    <ResourceCompile Include="..\VersionInfo\VersionResource.rc" />
  </ItemGroup>
</Project>