<?xml version="1.0" encoding="utf-8"?>
<Project ToolsVersion="4.0" xmlns="http://schemas.microsoft.com/developer/msbuild/2003">
  <ItemGroup>
    <Filter Include="src">
      <UniqueIdentifier>{2120f9b7-5321-49df-8940-190abbd32bc4}</UniqueIdentifier>
      <Extensions>cpp;c;cxx;rc;def;r;odl;idl;hpj;bat</Extensions>
    </Filter>
    <Filter Include="inc">
      <UniqueIdentifier>{8238b474-1028-4b6d-aece-22327014f54c}</UniqueIdentifier>
    </Filter>
    <Filter Include="res">
      <UniqueIdentifier>{e4f8d13c-b3e6-4770-92af-3310b92bb68f}</UniqueIdentifier>
    </Filter>
    <Filter Include="res\icons">
      <UniqueIdentifier>{049d4ce0-1204-4ce0-94c1-13b5e705efcb}</UniqueIdentifier>
    </Filter>
    <Filter Include="Include">
      <UniqueIdentifier>{f475b819-640a-4c37-9080-9760ae6d87ac}</UniqueIdentifier>
      <Extensions>h;hpp;hxx;hm;inl</Extensions>
    </Filter>
    <Filter Include="Include\win32">
      <UniqueIdentifier>{dd1fc803-3a30-43dd-9a48-7fcb21602685}</UniqueIdentifier>
    </Filter>
    <Filter Include="Include\linux">
      <UniqueIdentifier>{2a3b7c57-48c2-415b-910a-45487af87a45}</UniqueIdentifier>
    </Filter>
    <Filter Include="res\Generated files">
      <UniqueIdentifier>{474b08cc-7501-4f91-9ccb-62dace560c42}</UniqueIdentifier>
    </Filter>
    <Filter Include="Generated Files">
      <UniqueIdentifier>{7cf64158-e34d-4c3d-84c9-66fd754e863b}</UniqueIdentifier>
    </Filter>
  </ItemGroup>
  <ItemGroup>
    <ClCompile Include="src\acColorSampleBox.cpp">
      <Filter>src</Filter>
    </ClCompile>
    <ClCompile Include="src\acColours.cpp">
      <Filter>src</Filter>
    </ClCompile>
    <ClCompile Include="src\acDataView.cpp">
      <Filter>src</Filter>
    </ClCompile>
    <ClCompile Include="src\acThumbnailView.cpp">
      <Filter>src</Filter>
    </ClCompile>
    <ClCompile Include="src\acDataViewGridTable.cpp">
      <Filter>src</Filter>
    </ClCompile>
    <ClCompile Include="src\acDataViewItem.cpp">
      <Filter>src</Filter>
    </ClCompile>
    <ClCompile Include="src\acDoubleSlider.cpp">
      <Filter>src</Filter>
    </ClCompile>
    <ClCompile Include="src\acFunctions.cpp">
      <Filter>src</Filter>
    </ClCompile>
    <ClCompile Include="src\acImageDataProxy.cpp">
      <Filter>src</Filter>
    </ClCompile>
    <ClCompile Include="src\acImageItem.cpp">
      <Filter>src</Filter>
    </ClCompile>
    <ClCompile Include="src\acImageManager.cpp">
      <Filter>src</Filter>
    </ClCompile>
    <ClCompile Include="src\acImageView.cpp">
      <Filter>src</Filter>
    </ClCompile>
    <ClCompile Include="src\acRawDataExporter.cpp">
      <Filter>src</Filter>
    </ClCompile>
    <ClCompile Include="src\acRawFileHandler.cpp">
      <Filter>src</Filter>
    </ClCompile>
    <ClCompile Include="src\acSendErrorReportDialog.cpp">
      <Filter>src</Filter>
    </ClCompile>
    <ClCompile Include="src\acDialog.cpp">
      <Filter>src</Filter>
    </ClCompile>
    <ClCompile Include="src\acSourceCodeView.cpp">
      <Filter>src</Filter>
    </ClCompile>
    <ClCompile Include="src\acSingeltonsDelete.cpp">
      <Filter>src</Filter>
    </ClCompile>
    <ClCompile Include="src\acSourceCodeLanguageHighlighter.cpp">
      <Filter>src</Filter>
    </ClCompile>
    <ClCompile Include="src\acSplitter.cpp">
      <Filter>src</Filter>
    </ClCompile>
    <ClCompile Include="src\acListCtrl.cpp">
      <Filter>src</Filter>
    </ClCompile>
    <ClCompile Include="src\acSourceCodeLexers.cpp">
      <Filter>src</Filter>
    </ClCompile>
    <ClCompile Include="src\acQHTMLWindow.cpp">
      <Filter>src</Filter>
    </ClCompile>
    <ClCompile Include="src\acVirtualListCtrl.cpp">
      <Filter>src</Filter>
    </ClCompile>
    <ClCompile Include="src\acVirtualListCtrlModel.cpp">
      <Filter>src</Filter>
    </ClCompile>
    <ClCompile Include="src\acToolBar.cpp">
      <Filter>src</Filter>
    </ClCompile>
    <ClCompile Include="src\acTreeCtrl.cpp">
      <Filter>src</Filter>
    </ClCompile>
    <ClCompile Include="src\acMessageBox.cpp">
      <Filter>src</Filter>
    </ClCompile>
    <ClCompile Include="src\acQMessageDialog.cpp">
      <Filter>src</Filter>
    </ClCompile>
    <ClCompile Include="src\acImageItemDelegate.cpp">
      <Filter>src</Filter>
    </ClCompile>
    <ClCompile Include="src\acTabWidget.cpp">
      <Filter>src</Filter>
    </ClCompile>
    <ClCompile Include="src\acChartWindow.cpp">
      <Filter>src</Filter>
    </ClCompile>
    <ClCompile Include="src\acImageManagerModel.cpp">
      <Filter>src</Filter>
    </ClCompile>
    <ClCompile Include="src\acHeaderView.cpp">
      <Filter>src</Filter>
    </ClCompile>
    <ClCompile Include="src\acQTextFilterCtrl.cpp">
      <Filter>src</Filter>
    </ClCompile>
    <ClCompile Include="src\acLineEdit.cpp">
      <Filter>src</Filter>
    </ClCompile>
    <ClCompile Include="src\acValidators.cpp">
      <Filter>src</Filter>
    </ClCompile>
    <ClCompile Include="src\acFrozenColumnTreeView.cpp">
      <Filter>src</Filter>
    </ClCompile>
    <ClCompile Include="src\acItemDelegate.cpp">
      <Filter>src</Filter>
    </ClCompile>
    <ClCompile Include="tmp\moc_$(Platform)$(Configuration)\moc_acBarsGraph.cpp">
      <Filter>Generated Files</Filter>
    </ClCompile>
    <ClCompile Include="tmp\moc_$(Platform)$(Configuration)\moc_acNavigationChart.cpp">
      <Filter>Generated Files</Filter>
    </ClCompile>
    <ClCompile Include="tmp\moc_$(Platform)$(Configuration)\moc_acCustomPlot.cpp">
      <Filter>Generated Files</Filter>
    </ClCompile>
    <ClCompile Include="tmp\moc_$(Platform)$(Configuration)\moc_acDoubleSlider.cpp">
      <Filter>Generated Files</Filter>
    </ClCompile>
    <ClCompile Include="tmp\moc_$(Platform)$(Configuration)\moc_acTreeCtrl.cpp">
      <Filter>Generated Files</Filter>
    </ClCompile>
    <ClCompile Include="tmp\moc_$(Platform)$(Configuration)\moc_acImageManagerModel.cpp">
      <Filter>Generated Files</Filter>
    </ClCompile>
    <ClCompile Include="tmp\moc_$(Platform)$(Configuration)\moc_acImageView.cpp">
      <Filter>Generated Files</Filter>
    </ClCompile>
    <ClCompile Include="tmp\moc_$(Platform)$(Configuration)\moc_acProgressDlg.cpp">
      <Filter>Generated Files</Filter>
    </ClCompile>
    <ClCompile Include="tmp\moc_$(Platform)$(Configuration)\moc_acProgressAnimationWidget.cpp">
      <Filter>Generated Files</Filter>
    </ClCompile>
    <ClCompile Include="tmp\moc_$(Platform)$(Configuration)\moc_acQTextFilterCtrl.cpp">
      <Filter>Generated Files</Filter>
    </ClCompile>
    <ClCompile Include="tmp\moc_$(Platform)$(Configuration)\moc_acToolBar.cpp">
      <Filter>Generated Files</Filter>
    </ClCompile>
    <ClCompile Include="tmp\moc_$(Platform)$(Configuration)\moc_acSendErrorReportDialog.cpp">
      <Filter>Generated Files</Filter>
    </ClCompile>
    <ClCompile Include="tmp\moc_$(Platform)$(Configuration)\moc_acSoftwareUpdaterWindow.cpp">
      <Filter>Generated Files</Filter>
    </ClCompile>
    <ClCompile Include="tmp\moc_$(Platform)$(Configuration)\moc_acSoftwareUpdaterProxySetting.cpp">
      <Filter>Generated Files</Filter>
    </ClCompile>
    <ClCompile Include="tmp\moc_$(Platform)$(Configuration)\moc_acHelpAboutDialog.cpp">
      <Filter>Generated Files</Filter>
    </ClCompile>
    <ClCompile Include="tmp\moc_$(Platform)$(Configuration)\moc_acEulaDialog.cpp">
      <Filter>Generated Files</Filter>
    </ClCompile>
    <ClCompile Include="tmp\moc_$(Platform)$(Configuration)\moc_acGoToLineDialog.cpp">
      <Filter>Generated Files</Filter>
    </ClCompile>
    <ClCompile Include="src\acBarsGraph.cpp">
      <Filter>src</Filter>
    </ClCompile>
    <ClCompile Include="src\acColoredBarsGraph.cpp">
      <Filter>src</Filter>
    </ClCompile>
    <ClCompile Include="src\acQCPColoredBars.cpp">
      <Filter>src</Filter>
    </ClCompile>
    <ClCompile Include="src\acStackedBarGraph.cpp">
      <Filter>src</Filter>
    </ClCompile>
    <ClCompile Include="src\acDisplay.cpp">
      <Filter>src</Filter>
    </ClCompile>
    <ClCompile Include="src\acIcons.cpp">
      <Filter>src</Filter>
    </ClCompile>
    <ClCompile Include="tmp\rcc_$(Platform)$(Configuration)\rcc_acIcons.cpp">
      <Filter>Generated Files</Filter>
    </ClCompile>
    <ClCompile Include="src\acMultiLinePlot.cpp">
      <Filter>src</Filter>
    </ClCompile>
    <ClCompile Include="tmp\moc_$(Platform)$(Configuration)\moc_acMultiLinePlot.cpp">
      <Filter>Generated Files</Filter>
    </ClCompile>
    <ClCompile Include="src\acVectorLineGraph.cpp">
      <Filter>src</Filter>
    </ClCompile>
    <ClCompile Include="tmp\moc_$(Platform)$(Configuration)\moc_acChartWindow.cpp">
      <Filter>Generated Files</Filter>
    </ClCompile>
    <ClCompile Include="tmp\moc_$(Platform)$(Configuration)\moc_acDataView.cpp">
      <Filter>Generated Files</Filter>
    </ClCompile>
    <ClCompile Include="tmp\moc_$(Platform)$(Configuration)\moc_acThumbnailView.cpp">
      <Filter>Generated Files</Filter>
    </ClCompile>
    <ClCompile Include="tmp\moc_$(Platform)$(Configuration)\moc_acDataViewGridTable.cpp">
      <Filter>Generated Files</Filter>
    </ClCompile>
    <ClCompile Include="tmp\moc_$(Platform)$(Configuration)\moc_acFrozenColumnTreeView.cpp">
      <Filter>Generated Files</Filter>
    </ClCompile>
    <ClCompile Include="tmp\moc_$(Platform)$(Configuration)\moc_acHeaderView.cpp">
      <Filter>Generated Files</Filter>
    </ClCompile>
    <ClCompile Include="tmp\moc_$(Platform)$(Configuration)\moc_acImageManager.cpp">
      <Filter>Generated Files</Filter>
    </ClCompile>
    <ClCompile Include="tmp\moc_$(Platform)$(Configuration)\moc_acLineEdit.cpp">
      <Filter>Generated Files</Filter>
    </ClCompile>
    <ClCompile Include="tmp\moc_$(Platform)$(Configuration)\moc_acListCtrl.cpp">
      <Filter>Generated Files</Filter>
    </ClCompile>
    <ClCompile Include="tmp\moc_$(Platform)$(Configuration)\moc_acQHTMLWindow.cpp">
      <Filter>Generated Files</Filter>
    </ClCompile>
    <ClCompile Include="tmp\moc_$(Platform)$(Configuration)\moc_acSourceCodeView.cpp">
      <Filter>Generated Files</Filter>
    </ClCompile>
    <ClCompile Include="tmp\moc_$(Platform)$(Configuration)\moc_acSplitter.cpp">
      <Filter>Generated Files</Filter>
    </ClCompile>
    <ClCompile Include="tmp\moc_$(Platform)$(Configuration)\moc_acTabWidget.cpp">
      <Filter>Generated Files</Filter>
    </ClCompile>
    <ClCompile Include="tmp\moc_$(Platform)$(Configuration)\moc_acVirtualListCtrl.cpp">
      <Filter>Generated Files</Filter>
    </ClCompile>
    <ClCompile Include="tmp\moc_$(Platform)$(Configuration)\moc_acVirtualListCtrlModel.cpp">
      <Filter>Generated Files</Filter>
    </ClCompile>
    <ClCompile Include="src\acGroupedBarsGraph.cpp">
      <Filter>src</Filter>
    </ClCompile>
    <ClCompile Include="src\acCustomPlot.cpp">
      <Filter>src</Filter>
    </ClCompile>
    <ClCompile Include="src\acFindWidget.cpp">
      <Filter>src</Filter>
    </ClCompile>
    <ClCompile Include="src\acFindParameters.cpp">
      <Filter>src</Filter>
    </ClCompile>
    <ClCompile Include="tmp\moc_$(Platform)$(Configuration)\moc_acFindWidget.cpp">
      <Filter>Generated Files</Filter>
    </ClCompile>
    <ClCompile Include="tmp\moc_$(Platform)$(Configuration)\moc_acVectorLineGraph.cpp">
      <Filter>Generated Files</Filter>
    </ClCompile>
    <ClCompile Include="tmp\moc_$(Platform)$(Configuration)\moc_acTimeline.cpp">
      <Filter>Generated Files</Filter>
    </ClCompile>
    <ClCompile Include="tmp\moc_$(Platform)$(Configuration)\moc_acTimelineBranch.cpp">
      <Filter>Generated Files</Filter>
    </ClCompile>
    <ClCompile Include="tmp\moc_$(Platform)$(Configuration)\moc_acTimelineFiltersDialog.cpp">
      <Filter>Generated Files</Filter>
    </ClCompile>
    <ClCompile Include="tmp\moc_$(Platform)$(Configuration)\moc_acTimelineGrid.cpp">
      <Filter>Generated Files</Filter>
    </ClCompile>
    <ClCompile Include="tmp\moc_$(Platform)$(Configuration)\moc_acTimelineItem.cpp">
      <Filter>Generated Files</Filter>
    </ClCompile>
    <ClCompile Include="tmp\moc_$(Platform)$(Configuration)\moc_acRibbonManager.cpp">
      <Filter>Generated Files</Filter>
    </ClCompile>
    <ClCompile Include="src\acTimeline.cpp">
      <Filter>src</Filter>
    </ClCompile>
    <ClCompile Include="src\acTimelineBranch.cpp">
      <Filter>src</Filter>
    </ClCompile>
    <ClCompile Include="src\acTimelineFiltersDialog.cpp">
      <Filter>src</Filter>
    </ClCompile>
    <ClCompile Include="src\acTimelineGrid.cpp">
      <Filter>src</Filter>
    </ClCompile>
    <ClCompile Include="src\acTimelineItem.cpp">
      <Filter>src</Filter>
    </ClCompile>
    <ClCompile Include="src\acTimelineItemCurve.cpp">
      <Filter>src</Filter>
    </ClCompile>
    <ClCompile Include="tmp\moc_$(Platform)$(Configuration)\moc_acTimelineItemCurve.cpp">
      <Filter>src</Filter>
    </ClCompile>
    <ClCompile Include="src\acNavigationChart.cpp">
      <Filter>src</Filter>
    </ClCompile>
    <ClCompile Include="src\acDockWidget.cpp">
      <Filter>src</Filter>
    </ClCompile>
    <ClCompile Include="tmp\moc_$(Platform)$(Configuration)\moc_acDockWidget.cpp">
      <Filter>src</Filter>
    </ClCompile>
    <ClCompile Include="src\acProgressDlg.cpp">
      <Filter>src</Filter>
    </ClCompile>
    <ClCompile Include="src\acProgressAnimationWidget.cpp">
      <Filter>src</Filter>
    </ClCompile>
    <ClCompile Include="src\acSendErrorReportDialog.cpp">
      <Filter>src</Filter>
    </ClCompile>
    <ClCompile Include="src\acSoftwareUpdaterWindow.cpp">
      <Filter>src</Filter>
    </ClCompile>
    <ClCompile Include="src\acSoftwareUpdaterProxySetting.cpp">
      <Filter>src</Filter>
    </ClCompile>
    <ClCompile Include="src\acHelpAboutDialog.cpp">
      <Filter>src</Filter>
    </ClCompile>
    <ClCompile Include="src\acEulaDialog.cpp">
      <Filter>src</Filter>
    </ClCompile>
    <ClCompile Include="src\acRibbonManager.cpp">
      <Filter>src</Filter>
    </ClCompile>
    <ClCompile Include="src\acGoToLineDialog.cpp">
      <Filter>src</Filter>
    </ClCompile>
  </ItemGroup>
  <ItemGroup>
    <ClInclude Include="Include\acApplicationComponentsDLLBuild.h">
      <Filter>Include</Filter>
    </ClInclude>
    <ClInclude Include="Include\acColorSampleBox.h">
      <Filter>Include</Filter>
    </ClInclude>
    <ClInclude Include="Include\acColours.h">
      <Filter>Include</Filter>
    </ClInclude>
    <ClInclude Include="Include\acDataViewItem.h">
      <Filter>Include</Filter>
    </ClInclude>
    <ClInclude Include="Include\acDefinitions.h">
      <Filter>Include</Filter>
    </ClInclude>
    <ClInclude Include="Include\acFunctions.h">
      <Filter>Include</Filter>
    </ClInclude>
    <ClInclude Include="Include\acImageDataProxy.h">
      <Filter>Include</Filter>
    </ClInclude>
    <ClInclude Include="Include\acImageItem.h">
      <Filter>Include</Filter>
    </ClInclude>
    <ClInclude Include="Include\acRawDataExporter.h">
      <Filter>Include</Filter>
    </ClInclude>
    <ClInclude Include="Include\acRawFileHandler.h">
      <Filter>Include</Filter>
    </ClInclude>
    <ClInclude Include="Include\acCommandIDs.h">
      <Filter>Include</Filter>
    </ClInclude>
    <ClInclude Include="inc\acStringConstants.h">
      <Filter>inc</Filter>
    </ClInclude>
    <ClInclude Include="Include\acDialog.h">
      <Filter>Include</Filter>
    </ClInclude>
    <ClInclude Include="inc\acSingeltonsDelete.h">
      <Filter>inc</Filter>
    </ClInclude>
    <ClInclude Include="Include\acSourceCodeLanguageHighlighter.h">
      <Filter>Include</Filter>
    </ClInclude>
    <ClInclude Include="Include\acSourceCodeDefinitions.h">
      <Filter>Include</Filter>
    </ClInclude>
    <ClInclude Include="Include\acSourceCodeLexers.h">
      <Filter>Include</Filter>
    </ClInclude>
    <ClInclude Include="Include\acMessageBox.h">
      <Filter>Include</Filter>
    </ClInclude>
    <ClInclude Include="Include\acQMessageDialog.h">
      <Filter>Include</Filter>
    </ClInclude>
    <ClInclude Include="Include\acImageManagerDefinitions.h">
      <Filter>Include</Filter>
    </ClInclude>
    <ClInclude Include="Include\acImageItemDelegate.h">
      <Filter>Include</Filter>
    </ClInclude>
    <ClInclude Include="Include\acValidators.h">
      <Filter>Include</Filter>
    </ClInclude>
    <ClInclude Include="Include\acItemDelegate.h">
      <Filter>Include</Filter>
    </ClInclude>
    <ClInclude Include="Include\acTableWidgetItem.h">
      <Filter>Include</Filter>
    </ClInclude>
    <ClInclude Include="Include\acBarGraphData.h">
      <Filter>Include</Filter>
    </ClInclude>
    <ClInclude Include="Include\acColoredBarGraphData.h">
      <Filter>Include</Filter>
    </ClInclude>
    <ClInclude Include="Include\acColoredBarsGraph.h">
      <Filter>Include</Filter>
    </ClInclude>
    <ClInclude Include="Include\acQCPColoredBars.h">
      <Filter>Include</Filter>
    </ClInclude>
    <ClInclude Include="Include\acStackedBarGraph.h">
      <Filter>Include</Filter>
    </ClInclude>
    <ClInclude Include="Include\acStackedBarGraphhData.h">
      <Filter>Include</Filter>
    </ClInclude>
    <ClInclude Include="Include\acDisplay.h">
      <Filter>Include</Filter>
    </ClInclude>
    <ClInclude Include="Include\acIcons.h">
      <Filter>Include</Filter>
    </ClInclude>
    <ClInclude Include="Include\acMultiLinePlotData.h">
      <Filter>Include</Filter>
    </ClInclude>
    <ClInclude Include="Include\acGroupedBarsGraph.h">
      <Filter>Include</Filter>
    </ClInclude>
    <ClInclude Include="Include\acFindParameters.h">
      <Filter>Include</Filter>
    </ClInclude>
    <ClInclude Include="Include\acObjectNamesConstants.h">
      <Filter>Include</Filter>
    </ClInclude>
    <ClInclude Include="Include\acGoToLineDialog.h">
      <Filter>Include</Filter>
    </ClInclude>
  </ItemGroup>
  <ItemGroup>
    <CustomBuild Include="Include\acSourceCodeView.h">
      <Filter>Include</Filter>
    </CustomBuild>
    <CustomBuild Include="Include\acListCtrl.h">
      <Filter>Include</Filter>
    </CustomBuild>
    <CustomBuild Include="Include\acQHTMLWindow.h">
      <Filter>Include</Filter>
    </CustomBuild>
    <CustomBuild Include="Include\acVirtualListCtrlModel.h">
      <Filter>Include</Filter>
    </CustomBuild>
    <CustomBuild Include="Include\acVirtualListCtrl.h">
      <Filter>Include</Filter>
    </CustomBuild>
    <CustomBuild Include="Include\acQTextFilterCtrl.h">
      <Filter>Include</Filter>
    </CustomBuild>
    <CustomBuild Include="Include\acImageManager.h">
      <Filter>Include</Filter>
    </CustomBuild>
    <CustomBuild Include="Include\acDataView.h">
      <Filter>Include</Filter>
    </CustomBuild>
    <CustomBuild Include="Include\acThumbnailView.h">
      <Filter>Include</Filter>
    </CustomBuild>
    <CustomBuild Include="Include\acSplitter.h">
      <Filter>Include</Filter>
    </CustomBuild>
    <CustomBuild Include="Include\acTabWidget.h">
      <Filter>Include</Filter>
    </CustomBuild>
    <CustomBuild Include="Include\acChartWindow.h">
      <Filter>Include</Filter>
    </CustomBuild>
    <CustomBuild Include="Include\acImageManagerModel.h">
      <Filter>Include</Filter>
    </CustomBuild>
    <CustomBuild Include="Include\acImageView.h">
      <Filter>Include</Filter>
    </CustomBuild>
    <CustomBuild Include="Include\acDoubleSlider.h">
      <Filter>Include</Filter>
    </CustomBuild>
    <CustomBuild Include="Include\acHeaderView.h">
      <Filter>Include</Filter>
    </CustomBuild>
    <CustomBuild Include="Include\acQTextFilterCtrl.h">
      <Filter>Include</Filter>
    </CustomBuild>
    <CustomBuild Include="Include\acDataViewGridTable.h">
      <Filter>Include</Filter>
    </CustomBuild>
    <CustomBuild Include="Include\acLineEdit.h">
      <Filter>Include</Filter>
    </CustomBuild>
    <CustomBuild Include="Include\acTreeCtrl.h">
      <Filter>Include</Filter>
    </CustomBuild>
    <CustomBuild Include="Include\acFrozenColumnTreeView.h">
      <Filter>Include</Filter>
    </CustomBuild>
    <CustomBuild Include="Include\acToolBar.h">
      <Filter>Include</Filter>
    </CustomBuild>
    <CustomBuild Include="Include\acMultiLinePlot.h">
      <Filter>Include</Filter>
    </CustomBuild>
    <CustomBuild Include="Include\acBarsGraph.h">
      <Filter>Include</Filter>
    </CustomBuild>
    <CustomBuild Include="Include\acFindWidget.h">
      <Filter>Include</Filter>
    </CustomBuild>
    <CustomBuild Include="Include\acCustomPlot.h">
      <Filter>Include</Filter>
    </CustomBuild>
    <CustomBuild Include="Include\acVectorLineGraph.h">
      <Filter>Include</Filter>
    </CustomBuild>
    <CustomBuild Include="Include\Timeline\acTimeline.h">
      <Filter>Include</Filter>
    </CustomBuild>
    <CustomBuild Include="Include\Timeline\acTimelineBranch.h">
      <Filter>Include</Filter>
    </CustomBuild>
    <CustomBuild Include="Include\Timeline\acTimelineFiltersDialog.h">
      <Filter>Include</Filter>
    </CustomBuild>
    <CustomBuild Include="Include\Timeline\acTimelineGrid.h">
      <Filter>Include</Filter>
    </CustomBuild>
    <CustomBuild Include="Include\Timeline\acTimelineItem.h">
      <Filter>Include</Filter>
    </CustomBuild>
    <CustomBuild Include="Include\Timeline\acTimelineItemCurve.h">
      <Filter>Include</Filter>
    </CustomBuild>
    <CustomBuild Include="Include\acNavigationChart.h">
      <Filter>Include</Filter>
    </CustomBuild>
    <CustomBuild Include="Include\acDockWidget.h">
      <Filter>Include</Filter>
    </CustomBuild>
    <CustomBuild Include="Include\acProgressDlg.h">
      <Filter>Include</Filter>
    </CustomBuild>
    <CustomBuild Include="Include\acProgressAnimationWidget.h">
      <Filter>Include</Filter>
    </CustomBuild>
    <CustomBuild Include="Include\acSendErrorReportDialog.h">
      <Filter>Include</Filter>
    </CustomBuild>
    <CustomBuild Include="Include\acSoftwareUpdaterWindow.h">
      <Filter>Include</Filter>
    </CustomBuild>
    <CustomBuild Include="Include\acSoftwareUpdaterProxySetting.h">
      <Filter>Include</Filter>
    </CustomBuild>
    <CustomBuild Include="Include\acRibbonManager.h">
      <Filter>Include</Filter>
    </CustomBuild>
    <CustomBuild Include="Include\acHelpAboutDialog.h">
      <Filter>Include</Filter>
    </CustomBuild>
    <CustomBuild Include="Include\acEulaDialog.h">
      <Filter>Include</Filter>
    </CustomBuild>
  </ItemGroup>
  <ItemGroup>
    <CustomBuild Include="Include\res\icons\acIcons.qrc">
      <Filter>res\icons</Filter>
    </CustomBuild>
    <None Include="Include\res\icons\slider_indicator.xpm">
      <Filter>res\icons</Filter>
    </None>
    <None Include="Include\res\icons\slider_left_arrow.xpm">
      <Filter>res\icons</Filter>
    </None>
    <None Include="Include\res\icons\slider_right_arrow.xpm">
      <Filter>res\icons</Filter>
    </None>
    <None Include="Include\res\icons\source_code_disabled_breakpoint.xpm">
      <Filter>res\icons</Filter>
    </None>
    <None Include="Include\res\icons\source_code_enabled_breakpoint.xpm">
      <Filter>res\icons</Filter>
    </None>
    <None Include="Include\res\icons\source_code_program_counter.xpm">
      <Filter>res\icons</Filter>
    </None>
    <None Include="Include\res\icons\source_code_top_program_counter.xpm">
      <Filter>res\icons</Filter>
    </None>
    <None Include="Include\res\icons\checkbox_checked.xpm">
      <Filter>res\icons</Filter>
    </None>
    <None Include="Include\res\icons\checkbox_unchecked.xpm">
      <Filter>res\icons</Filter>
    </None>
    <None Include="Include\res\icons\double_slider_above_region_pattern.xpm">
      <Filter>res\icons</Filter>
    </None>
    <None Include="Include\res\icons\double_slider_background_pattern.xpm">
      <Filter>res\icons</Filter>
    </None>
    <None Include="Include\res\icons\double_slider_below_region_pattern.xpm">
      <Filter>res\icons</Filter>
    </None>
    <None Include="Include\res\icons\double_slider_selected_region_pattern.xpm">
      <Filter>res\icons</Filter>
    </None>
    <None Include="Include\res\icons\double_slider_tickbox.xpm">
      <Filter>res\icons</Filter>
    </None>
    <None Include="Include\res\icons\image_background_pattern.xpm">
      <Filter>res\icons</Filter>
    </None>
    <None Include="Include\res\icons\mac_checkbox_checked.xpm">
      <Filter>res\icons</Filter>
    </None>
    <None Include="Include\res\icons\mac_checkbox_unchecked.xpm">
      <Filter>res\icons</Filter>
    </None>
    <None Include="Include\res\icons\texture_viewer_hand_cursor.xpm">
      <Filter>res\icons</Filter>
    </None>
    <None Include="SConscript" />
  </ItemGroup>
  <ItemGroup>
    <ResourceCompile Include="..\VersionInfo\VersionResource.rc">
      <Filter>res</Filter>
    </ResourceCompile>
  </ItemGroup>
</Project>